// !$*UTF8*$!
{
	archiveVersion = 1;
	classes = {
	};
	objectVersion = 46;
	objects = {

/* Begin PBXBuildFile section */
		09148DF218A8B20F00338BD3 /* libTestFlight.a in Frameworks */ = {isa = PBXBuildFile; fileRef = 09148DEE18A8B20F00338BD3 /* libTestFlight.a */; };
		09148DF518A8DCA300338BD3 /* InfoSignUpViewController.m in Sources */ = {isa = PBXBuildFile; fileRef = 09148DF418A8DCA300338BD3 /* InfoSignUpViewController.m */; };
		09C932D618A1F59800BF2DD9 /* Twitter.framework in Frameworks */ = {isa = PBXBuildFile; fileRef = 09C932D518A1F59800BF2DD9 /* Twitter.framework */; };
		09CACFCE18A4A01800B9A91D /* PostViewController.m in Sources */ = {isa = PBXBuildFile; fileRef = 09CACFCD18A4A01800B9A91D /* PostViewController.m */; };
		09CACFD818A4A02B00B9A91D /* CheckInViewController.m in Sources */ = {isa = PBXBuildFile; fileRef = 09CACFD718A4A02B00B9A91D /* CheckInViewController.m */; };
		09CACFDA18A4A1C200B9A91D /* userPlaceHolder.jpg in Resources */ = {isa = PBXBuildFile; fileRef = 09CACFD918A4A1C200B9A91D /* userPlaceHolder.jpg */; };
		09CACFDE18A4B50200B9A91D /* AsyncImageView.m in Sources */ = {isa = PBXBuildFile; fileRef = 09CACFDD18A4B50200B9A91D /* AsyncImageView.m */; };
		09FA89E018A2157C00C05CAA /* NSDateFormatter+STTwitter.m in Sources */ = {isa = PBXBuildFile; fileRef = 09FA89C818A2157C00C05CAA /* NSDateFormatter+STTwitter.m */; };
		09FA89E118A2157C00C05CAA /* NSString+STTwitter.m in Sources */ = {isa = PBXBuildFile; fileRef = 09FA89CA18A2157C00C05CAA /* NSString+STTwitter.m */; };
		09FA89E218A2157C00C05CAA /* STHTTPRequest+STTwitter.m in Sources */ = {isa = PBXBuildFile; fileRef = 09FA89CC18A2157C00C05CAA /* STHTTPRequest+STTwitter.m */; };
		09FA89E318A2157C00C05CAA /* STTwitterAPI.m in Sources */ = {isa = PBXBuildFile; fileRef = 09FA89CF18A2157C00C05CAA /* STTwitterAPI.m */; };
		09FA89E418A2157C00C05CAA /* STTwitterAppOnly.m in Sources */ = {isa = PBXBuildFile; fileRef = 09FA89D118A2157C00C05CAA /* STTwitterAppOnly.m */; };
		09FA89E518A2157C00C05CAA /* STTwitterHTML.m in Sources */ = {isa = PBXBuildFile; fileRef = 09FA89D318A2157C00C05CAA /* STTwitterHTML.m */; };
		09FA89E618A2157C00C05CAA /* STTwitterOAuth.m in Sources */ = {isa = PBXBuildFile; fileRef = 09FA89D518A2157C00C05CAA /* STTwitterOAuth.m */; };
		09FA89E718A2157C00C05CAA /* STTwitterOS.m in Sources */ = {isa = PBXBuildFile; fileRef = 09FA89D718A2157C00C05CAA /* STTwitterOS.m */; };
		09FA89E818A2157C00C05CAA /* BAVPlistNode.m in Sources */ = {isa = PBXBuildFile; fileRef = 09FA89DB18A2157C00C05CAA /* BAVPlistNode.m */; };
		09FA89E918A2157C00C05CAA /* JSONSyntaxHighlight.m in Sources */ = {isa = PBXBuildFile; fileRef = 09FA89DD18A2157C00C05CAA /* JSONSyntaxHighlight.m */; };
		09FA89EA18A2157C00C05CAA /* STHTTPRequest.m in Sources */ = {isa = PBXBuildFile; fileRef = 09FA89DF18A2157C00C05CAA /* STHTTPRequest.m */; };
		09FA89EC18A215FF00C05CAA /* FacebookSDK.framework in Frameworks */ = {isa = PBXBuildFile; fileRef = 09FA89EB18A215FF00C05CAA /* FacebookSDK.framework */; };
		09FA8A3918A23A2E00C05CAA /* LoginViewController.m in Sources */ = {isa = PBXBuildFile; fileRef = 09FA8A3818A23A2E00C05CAA /* LoginViewController.m */; };
		4E135A8618A54744002DC459 /* sampleQRCode.png in Resources */ = {isa = PBXBuildFile; fileRef = 4E135A8518A54744002DC459 /* sampleQRCode.png */; };
		4E135A8918A55BEF002DC459 /* treeBranch1.png in Resources */ = {isa = PBXBuildFile; fileRef = 4E135A8818A55BEF002DC459 /* treeBranch1.png */; };
		4E135A8C18A56137002DC459 /* treeLeftBranch.png in Resources */ = {isa = PBXBuildFile; fileRef = 4E135A8A18A56137002DC459 /* treeLeftBranch.png */; };
		4E135A8D18A56137002DC459 /* treeRightBranch.png in Resources */ = {isa = PBXBuildFile; fileRef = 4E135A8B18A56137002DC459 /* treeRightBranch.png */; };
		4E37B30818A76EBC005FF445 /* TwitterServices.m in Sources */ = {isa = PBXBuildFile; fileRef = 4E37B30718A76EBC005FF445 /* TwitterServices.m */; };
		4E37B32118A7B40F005FF445 /* NSDate+NVTimeAgo.m in Sources */ = {isa = PBXBuildFile; fileRef = 4E37B32018A7B40F005FF445 /* NSDate+NVTimeAgo.m */; };
		4E37B32418A7B984005FF445 /* SettingsViewController.m in Sources */ = {isa = PBXBuildFile; fileRef = 4E37B32318A7B984005FF445 /* SettingsViewController.m */; };
		4E37B32818A7C071005FF445 /* btnOff.png in Resources */ = {isa = PBXBuildFile; fileRef = 4E37B32618A7C071005FF445 /* btnOff.png */; };
		4E37B32918A7C071005FF445 /* btnON.png in Resources */ = {isa = PBXBuildFile; fileRef = 4E37B32718A7C071005FF445 /* btnON.png */; };
		4E37B32B18A7C39A005FF445 /* tf_Top_BG.png in Resources */ = {isa = PBXBuildFile; fileRef = 4E37B32A18A7C39A005FF445 /* tf_Top_BG.png */; };
		4E37B32D18A7C3E4005FF445 /* tf_Body_BG.png in Resources */ = {isa = PBXBuildFile; fileRef = 4E37B32C18A7C3E4005FF445 /* tf_Body_BG.png */; };
		4E37B33718A7CCC6005FF445 /* InfoViewController.m in Sources */ = {isa = PBXBuildFile; fileRef = 4E37B33618A7CCC6005FF445 /* InfoViewController.m */; };
		4E37B33A18A7D0D4005FF445 /* btnInfo_Sel@2x.png in Resources */ = {isa = PBXBuildFile; fileRef = 4E37B33818A7D0D4005FF445 /* btnInfo_Sel@2x.png */; };
		4E37B33B18A7D0D4005FF445 /* btnInfo@2x.png in Resources */ = {isa = PBXBuildFile; fileRef = 4E37B33918A7D0D4005FF445 /* btnInfo@2x.png */; };
		4E37B33E18A7D107005FF445 /* btnInfo_Sel.png in Resources */ = {isa = PBXBuildFile; fileRef = 4E37B33C18A7D107005FF445 /* btnInfo_Sel.png */; };
		4E37B33F18A7D107005FF445 /* btnInfo.png in Resources */ = {isa = PBXBuildFile; fileRef = 4E37B33D18A7D107005FF445 /* btnInfo.png */; };
		4E37B34C18A80FBE005FF445 /* libz.1.1.3.dylib in Frameworks */ = {isa = PBXBuildFile; fileRef = 4E37B34B18A80FBE005FF445 /* libz.1.1.3.dylib */; };
		4E952FE418A669D400075CCB /* ActivityTableDatasource.m in Sources */ = {isa = PBXBuildFile; fileRef = 4E952FE318A669D400075CCB /* ActivityTableDatasource.m */; };
		4E9D204418A154020019E86B /* TextFieldsBG.png in Resources */ = {isa = PBXBuildFile; fileRef = 4E9D204318A154020019E86B /* TextFieldsBG.png */; };
		4E9D204618A158350019E86B /* Seperator.png in Resources */ = {isa = PBXBuildFile; fileRef = 4E9D204518A158350019E86B /* Seperator.png */; };
		4E9D204818A159930019E86B /* Background.png in Resources */ = {isa = PBXBuildFile; fileRef = 4E9D204718A159930019E86B /* Background.png */; };
		4E9D204E18A15B1C0019E86B /* BG_small.png in Resources */ = {isa = PBXBuildFile; fileRef = 4E9D204918A15B1C0019E86B /* BG_small.png */; };
		4E9D204F18A15B1C0019E86B /* BtnFacebook.png in Resources */ = {isa = PBXBuildFile; fileRef = 4E9D204A18A15B1C0019E86B /* BtnFacebook.png */; };
		4E9D205018A15B1C0019E86B /* BtnTwitter.png in Resources */ = {isa = PBXBuildFile; fileRef = 4E9D204B18A15B1C0019E86B /* BtnTwitter.png */; };
		4E9D205118A15B1C0019E86B /* OR.png in Resources */ = {isa = PBXBuildFile; fileRef = 4E9D204C18A15B1C0019E86B /* OR.png */; };
		4E9D205218A15B1C0019E86B /* txt_OR_Join_Casual.png in Resources */ = {isa = PBXBuildFile; fileRef = 4E9D204D18A15B1C0019E86B /* txt_OR_Join_Casual.png */; };
		4E9D205618A15DC90019E86B /* BtnSignUp.png in Resources */ = {isa = PBXBuildFile; fileRef = 4E9D205518A15DC90019E86B /* BtnSignUp.png */; };
		4E9D205818A15E730019E86B /* Bg_mainScreen.png in Resources */ = {isa = PBXBuildFile; fileRef = 4E9D205718A15E730019E86B /* Bg_mainScreen.png */; };
		4E9D205A18A15EE40019E86B /* BtnLogin.png in Resources */ = {isa = PBXBuildFile; fileRef = 4E9D205918A15EE40019E86B /* BtnLogin.png */; };
		4E9D205C18A15F7D0019E86B /* Logo.png in Resources */ = {isa = PBXBuildFile; fileRef = 4E9D205B18A15F7D0019E86B /* Logo.png */; };
		4E9D205E18A15FEA0019E86B /* leaf.png in Resources */ = {isa = PBXBuildFile; fileRef = 4E9D205D18A15FEA0019E86B /* leaf.png */; };
		4E9D206218A167350019E86B /* MBProgressHUD.m in Sources */ = {isa = PBXBuildFile; fileRef = 4E9D206118A167350019E86B /* MBProgressHUD.m */; };
		4E9D206A18A1678A0019E86B /* StringCategories.m in Sources */ = {isa = PBXBuildFile; fileRef = 4E9D206518A1678A0019E86B /* StringCategories.m */; };
		4E9D206B18A1678A0019E86B /* UIImageCategories.m in Sources */ = {isa = PBXBuildFile; fileRef = 4E9D206718A1678A0019E86B /* UIImageCategories.m */; };
		4E9D206C18A1678A0019E86B /* UIViewControllerCategories.m in Sources */ = {isa = PBXBuildFile; fileRef = 4E9D206918A1678A0019E86B /* UIViewControllerCategories.m */; };
		4E9D7C6718A626190083147D /* BtnActivites_Sel@2x.png in Resources */ = {isa = PBXBuildFile; fileRef = 4E9D7C6418A626190083147D /* BtnActivites_Sel@2x.png */; };
		4E9D7C6818A626190083147D /* BtnHistory_Sel@2x.png in Resources */ = {isa = PBXBuildFile; fileRef = 4E9D7C6518A626190083147D /* BtnHistory_Sel@2x.png */; };
		4E9D7C6918A626190083147D /* BtnScan_Sel@2x.png in Resources */ = {isa = PBXBuildFile; fileRef = 4E9D7C6618A626190083147D /* BtnScan_Sel@2x.png */; };
		4E9D7C7418A628740083147D /* BtnActivites_Sel.png in Resources */ = {isa = PBXBuildFile; fileRef = 4E9D7C7118A628740083147D /* BtnActivites_Sel.png */; };
		4E9D7C7518A628740083147D /* BtnHistory_Sel.png in Resources */ = {isa = PBXBuildFile; fileRef = 4E9D7C7218A628740083147D /* BtnHistory_Sel.png */; };
		4E9D7C7618A628740083147D /* BtnScan_Sel.png in Resources */ = {isa = PBXBuildFile; fileRef = 4E9D7C7318A628740083147D /* BtnScan_Sel.png */; };
		4E9D7C7918A62B080083147D /* BtnHome_Sel.png in Resources */ = {isa = PBXBuildFile; fileRef = 4E9D7C7718A62B080083147D /* BtnHome_Sel.png */; };
		4E9D7C7A18A62B080083147D /* BtnHome_Sel@2x.png in Resources */ = {isa = PBXBuildFile; fileRef = 4E9D7C7818A62B080083147D /* BtnHome_Sel@2x.png */; };
		4E9DBD2B18A41B1B00CD1AD4 /* ScanViewController.m in Sources */ = {isa = PBXBuildFile; fileRef = 4E9DBD2A18A41B1B00CD1AD4 /* ScanViewController.m */; };
		4E9DBD3518A41B2800CD1AD4 /* HistoryViewController.m in Sources */ = {isa = PBXBuildFile; fileRef = 4E9DBD3418A41B2800CD1AD4 /* HistoryViewController.m */; };
		4E9DBD3818A41B3800CD1AD4 /* ActivitiesViewController.m in Sources */ = {isa = PBXBuildFile; fileRef = 4E9DBD3718A41B3800CD1AD4 /* ActivitiesViewController.m */; };
		4E9DBD3B18A41B9B00CD1AD4 /* postTF_BG.png in Resources */ = {isa = PBXBuildFile; fileRef = 4E9DBD3A18A41B9B00CD1AD4 /* postTF_BG.png */; };
		4E9DBD3D18A41BAD00CD1AD4 /* TopBar.png in Resources */ = {isa = PBXBuildFile; fileRef = 4E9DBD3C18A41BAD00CD1AD4 /* TopBar.png */; };
		4E9DBD4118A41BBA00CD1AD4 /* FB_TW_Bar.png in Resources */ = {isa = PBXBuildFile; fileRef = 4E9DBD3F18A41BBA00CD1AD4 /* FB_TW_Bar.png */; };
		4E9DBD4218A41BBA00CD1AD4 /* Status_CheckIn_BG.png in Resources */ = {isa = PBXBuildFile; fileRef = 4E9DBD4018A41BBA00CD1AD4 /* Status_CheckIn_BG.png */; };
		4E9DBD4518A41BCB00CD1AD4 /* backButton.png in Resources */ = {isa = PBXBuildFile; fileRef = 4E9DBD4318A41BCB00CD1AD4 /* backButton.png */; };
		4E9DBD4618A41BCB00CD1AD4 /* SettingsBtn.png in Resources */ = {isa = PBXBuildFile; fileRef = 4E9DBD4418A41BCB00CD1AD4 /* SettingsBtn.png */; };
		4E9DBD4818A41BD500CD1AD4 /* btnLoginAll.png in Resources */ = {isa = PBXBuildFile; fileRef = 4E9DBD4718A41BD500CD1AD4 /* btnLoginAll.png */; };
		4E9FBA3418A28B0C00395558 /* RootViewController.m in Sources */ = {isa = PBXBuildFile; fileRef = 4E9FBA3318A28B0C00395558 /* RootViewController.m */; };
		4E9FBA3A18A2AF2B00395558 /* HomeViewController.m in Sources */ = {isa = PBXBuildFile; fileRef = 4E9FBA3918A2AF2B00395558 /* HomeViewController.m */; };
		4E9FBA4018A2B31100395558 /* BtnActivites.png in Resources */ = {isa = PBXBuildFile; fileRef = 4E9FBA3C18A2B31100395558 /* BtnActivites.png */; };
		4E9FBA4118A2B31100395558 /* BtnHistory.png in Resources */ = {isa = PBXBuildFile; fileRef = 4E9FBA3D18A2B31100395558 /* BtnHistory.png */; };
		4E9FBA4218A2B31100395558 /* BtnHome.png in Resources */ = {isa = PBXBuildFile; fileRef = 4E9FBA3E18A2B31100395558 /* BtnHome.png */; };
		4E9FBA4318A2B31100395558 /* BtnScan.png in Resources */ = {isa = PBXBuildFile; fileRef = 4E9FBA3F18A2B31100395558 /* BtnScan.png */; };
		4E9FBA4518A2B80400395558 /* BtnHome@2x.png in Resources */ = {isa = PBXBuildFile; fileRef = 4E9FBA4418A2B80400395558 /* BtnHome@2x.png */; };
		4E9FBA4918A2B8A200395558 /* BtnActivites@2x.png in Resources */ = {isa = PBXBuildFile; fileRef = 4E9FBA4618A2B8A200395558 /* BtnActivites@2x.png */; };
		4E9FBA4A18A2B8A200395558 /* BtnHistory@2x.png in Resources */ = {isa = PBXBuildFile; fileRef = 4E9FBA4718A2B8A200395558 /* BtnHistory@2x.png */; };
		4E9FBA4B18A2B8A200395558 /* BtnScan@2x.png in Resources */ = {isa = PBXBuildFile; fileRef = 4E9FBA4818A2B8A200395558 /* BtnScan@2x.png */; };
		4E9FBA4D18A2B99700395558 /* TabBarBG@2x.png in Resources */ = {isa = PBXBuildFile; fileRef = 4E9FBA4C18A2B99700395558 /* TabBarBG@2x.png */; };
		4E9FBA5018A2BD0B00395558 /* CenterImage.png in Resources */ = {isa = PBXBuildFile; fileRef = 4E9FBA4E18A2BD0B00395558 /* CenterImage.png */; };
		4E9FBA5118A2BD0B00395558 /* TreeImage.png in Resources */ = {isa = PBXBuildFile; fileRef = 4E9FBA4F18A2BD0B00395558 /* TreeImage.png */; };
		4E9FBA8518A2C89300395558 /* libZXingObjC-iOS.a in Frameworks */ = {isa = PBXBuildFile; fileRef = 4E9FBA7818A2C71000395558 /* libZXingObjC-iOS.a */; };
		4E9FBA8718A2C98300395558 /* AVFoundation.framework in Frameworks */ = {isa = PBXBuildFile; fileRef = 4E9FBA8618A2C98300395558 /* AVFoundation.framework */; };
		4E9FBA8A18A2C9D700395558 /* CoreMedia.framework in Frameworks */ = {isa = PBXBuildFile; fileRef = 4E9FBA8918A2C9D700395558 /* CoreMedia.framework */; };
		4E9FBA8C18A2C9E400395558 /* CoreVideo.framework in Frameworks */ = {isa = PBXBuildFile; fileRef = 4E9FBA8B18A2C9E400395558 /* CoreVideo.framework */; };
		4E9FBA8E18A2C9F000395558 /* ImageIO.framework in Frameworks */ = {isa = PBXBuildFile; fileRef = 4E9FBA8D18A2C9F000395558 /* ImageIO.framework */; };
		4E9FBA9018A2CA0000395558 /* QuartzCore.framework in Frameworks */ = {isa = PBXBuildFile; fileRef = 4E9FBA8F18A2CA0000395558 /* QuartzCore.framework */; };
		4E9FBA9218A2CA1500395558 /* Social.framework in Frameworks */ = {isa = PBXBuildFile; fileRef = 4E9FBA9118A2CA1500395558 /* Social.framework */; };
		4E9FBA9418A2CA2700395558 /* Accounts.framework in Frameworks */ = {isa = PBXBuildFile; fileRef = 4E9FBA9318A2CA2700395558 /* Accounts.framework */; };
		4E9FBA9618A2CA2D00395558 /* Security.framework in Frameworks */ = {isa = PBXBuildFile; fileRef = 4E9FBA9518A2CA2D00395558 /* Security.framework */; };
		4E9FBA9818A2CA4700395558 /* AudioToolbox.framework in Frameworks */ = {isa = PBXBuildFile; fileRef = 4E9FBA9718A2CA4700395558 /* AudioToolbox.framework */; };
		4EC1785F18A6A82800B72C92 /* HistoryViewCell.m in Sources */ = {isa = PBXBuildFile; fileRef = 4EC1785E18A6A82800B72C92 /* HistoryViewCell.m */; };
		4EC1786918A6A89100B72C92 /* ActivityTableLeftCell.m in Sources */ = {isa = PBXBuildFile; fileRef = 4EC1786818A6A89100B72C92 /* ActivityTableLeftCell.m */; };
		4EC1786C18A6A8CF00B72C92 /* ActivityTableRightCell.m in Sources */ = {isa = PBXBuildFile; fileRef = 4EC1786B18A6A8CF00B72C92 /* ActivityTableRightCell.m */; };
		4EC1786E18A6AB0700B72C92 /* postTF_BG_right.png in Resources */ = {isa = PBXBuildFile; fileRef = 4EC1786D18A6AB0700B72C92 /* postTF_BG_right.png */; };
		4EC2B25718A1439A0045291A /* Foundation.framework in Frameworks */ = {isa = PBXBuildFile; fileRef = 4EC2B25618A1439A0045291A /* Foundation.framework */; };
		4EC2B25918A1439A0045291A /* CoreGraphics.framework in Frameworks */ = {isa = PBXBuildFile; fileRef = 4EC2B25818A1439A0045291A /* CoreGraphics.framework */; };
		4EC2B25B18A1439A0045291A /* UIKit.framework in Frameworks */ = {isa = PBXBuildFile; fileRef = 4EC2B25A18A1439A0045291A /* UIKit.framework */; };
		4EC2B26118A1439A0045291A /* InfoPlist.strings in Resources */ = {isa = PBXBuildFile; fileRef = 4EC2B25F18A1439A0045291A /* InfoPlist.strings */; };
		4EC2B26318A1439A0045291A /* main.m in Sources */ = {isa = PBXBuildFile; fileRef = 4EC2B26218A1439A0045291A /* main.m */; };
		4EC2B26718A1439A0045291A /* AppDelegate.m in Sources */ = {isa = PBXBuildFile; fileRef = 4EC2B26618A1439A0045291A /* AppDelegate.m */; };
		4EC2B26A18A1439A0045291A /* Main_iPhone.storyboard in Resources */ = {isa = PBXBuildFile; fileRef = 4EC2B26818A1439A0045291A /* Main_iPhone.storyboard */; };
		4EC2B26D18A1439A0045291A /* Main_iPad.storyboard in Resources */ = {isa = PBXBuildFile; fileRef = 4EC2B26B18A1439A0045291A /* Main_iPad.storyboard */; };
		4EC2B27218A1439A0045291A /* Images.xcassets in Resources */ = {isa = PBXBuildFile; fileRef = 4EC2B27118A1439A0045291A /* Images.xcassets */; };
		4EC2B27918A1439A0045291A /* XCTest.framework in Frameworks */ = {isa = PBXBuildFile; fileRef = 4EC2B27818A1439A0045291A /* XCTest.framework */; };
		4EC2B27A18A1439A0045291A /* Foundation.framework in Frameworks */ = {isa = PBXBuildFile; fileRef = 4EC2B25618A1439A0045291A /* Foundation.framework */; };
		4EC2B27B18A1439A0045291A /* UIKit.framework in Frameworks */ = {isa = PBXBuildFile; fileRef = 4EC2B25A18A1439A0045291A /* UIKit.framework */; };
		4EC2B28318A1439A0045291A /* InfoPlist.strings in Resources */ = {isa = PBXBuildFile; fileRef = 4EC2B28118A1439A0045291A /* InfoPlist.strings */; };
		4EC2B28518A1439A0045291A /* CasualTests.m in Sources */ = {isa = PBXBuildFile; fileRef = 4EC2B28418A1439A0045291A /* CasualTests.m */; };
		4EC2B29018A145510045291A /* SignUpViewController.m in Sources */ = {isa = PBXBuildFile; fileRef = 4EC2B28F18A145510045291A /* SignUpViewController.m */; };
		4EC2B2E118A147030045291A /* AFHTTPClient.m in Sources */ = {isa = PBXBuildFile; fileRef = 4EC2B2CF18A147030045291A /* AFHTTPClient.m */; };
		4EC2B2E218A147030045291A /* AFHTTPRequestOperation.m in Sources */ = {isa = PBXBuildFile; fileRef = 4EC2B2D118A147030045291A /* AFHTTPRequestOperation.m */; };
		4EC2B2E318A147030045291A /* AFImageRequestOperation.m in Sources */ = {isa = PBXBuildFile; fileRef = 4EC2B2D318A147030045291A /* AFImageRequestOperation.m */; };
		4EC2B2E418A147030045291A /* AFJSONRequestOperation.m in Sources */ = {isa = PBXBuildFile; fileRef = 4EC2B2D518A147030045291A /* AFJSONRequestOperation.m */; };
		4EC2B2E518A147030045291A /* AFNetworkActivityIndicatorManager.m in Sources */ = {isa = PBXBuildFile; fileRef = 4EC2B2D718A147030045291A /* AFNetworkActivityIndicatorManager.m */; };
		4EC2B2E618A147030045291A /* AFPropertyListRequestOperation.m in Sources */ = {isa = PBXBuildFile; fileRef = 4EC2B2DA18A147030045291A /* AFPropertyListRequestOperation.m */; };
		4EC2B2E718A147030045291A /* AFURLConnectionOperation.m in Sources */ = {isa = PBXBuildFile; fileRef = 4EC2B2DC18A147030045291A /* AFURLConnectionOperation.m */; };
		4EC2B2E818A147030045291A /* AFXMLRequestOperation.m in Sources */ = {isa = PBXBuildFile; fileRef = 4EC2B2DE18A147030045291A /* AFXMLRequestOperation.m */; };
		4EC2B2E918A147030045291A /* UIImageView+AFNetworking.m in Sources */ = {isa = PBXBuildFile; fileRef = 4EC2B2E018A147030045291A /* UIImageView+AFNetworking.m */; };
/* End PBXBuildFile section */

/* Begin PBXContainerItemProxy section */
		4E9FBA7718A2C71000395558 /* PBXContainerItemProxy */ = {
			isa = PBXContainerItemProxy;
			containerPortal = 4E9FBA6D18A2C70E00395558 /* ZXingObjC.xcodeproj */;
			proxyType = 2;
			remoteGlobalIDString = 25403CB3166A96FA00E13304;
			remoteInfo = "ZXingObjC-iOS";
		};
		4E9FBA7918A2C71000395558 /* PBXContainerItemProxy */ = {
			isa = PBXContainerItemProxy;
			containerPortal = 4E9FBA6D18A2C70E00395558 /* ZXingObjC.xcodeproj */;
			proxyType = 2;
			remoteGlobalIDString = 25403CC4166A96FA00E13304;
			remoteInfo = "Unit Tests iOS";
		};
		4E9FBA7B18A2C71000395558 /* PBXContainerItemProxy */ = {
			isa = PBXContainerItemProxy;
			containerPortal = 4E9FBA6D18A2C70E00395558 /* ZXingObjC.xcodeproj */;
			proxyType = 2;
			remoteGlobalIDString = 024958781898641B003D4E6A;
			remoteInfo = "Blackbox Tests iOS";
		};
		4E9FBA7D18A2C71000395558 /* PBXContainerItemProxy */ = {
			isa = PBXContainerItemProxy;
			containerPortal = 4E9FBA6D18A2C70E00395558 /* ZXingObjC.xcodeproj */;
			proxyType = 2;
			remoteGlobalIDString = 25404166166AADAC00E13304;
			remoteInfo = "ZXingObjC-osx";
		};
		4E9FBA7F18A2C71000395558 /* PBXContainerItemProxy */ = {
			isa = PBXContainerItemProxy;
			containerPortal = 4E9FBA6D18A2C70E00395558 /* ZXingObjC.xcodeproj */;
			proxyType = 2;
			remoteGlobalIDString = 25404178166AADAC00E13304;
			remoteInfo = "Unit Tests OS X";
		};
		4E9FBA8118A2C71000395558 /* PBXContainerItemProxy */ = {
			isa = PBXContainerItemProxy;
			containerPortal = 4E9FBA6D18A2C70E00395558 /* ZXingObjC.xcodeproj */;
			proxyType = 2;
			remoteGlobalIDString = 02D813F6189864C70081721D;
			remoteInfo = "Blackbox Tests OS X";
		};
		4E9FBA8318A2C71000395558 /* PBXContainerItemProxy */ = {
			isa = PBXContainerItemProxy;
			containerPortal = 4E9FBA6D18A2C70E00395558 /* ZXingObjC.xcodeproj */;
			proxyType = 2;
			remoteGlobalIDString = 2540439E166ABA0A00E13304;
			remoteInfo = "OS X Framework";
		};
		4EC2B27C18A1439A0045291A /* PBXContainerItemProxy */ = {
			isa = PBXContainerItemProxy;
			containerPortal = 4EC2B24B18A1439A0045291A /* Project object */;
			proxyType = 1;
			remoteGlobalIDString = 4EC2B25218A1439A0045291A;
			remoteInfo = Casual;
		};
/* End PBXContainerItemProxy section */

/* Begin PBXFileReference section */
		09148DEE18A8B20F00338BD3 /* libTestFlight.a */ = {isa = PBXFileReference; lastKnownFileType = archive.ar; path = libTestFlight.a; sourceTree = "<group>"; };
		09148DEF18A8B20F00338BD3 /* TestFlight+AsyncLogging.h */ = {isa = PBXFileReference; fileEncoding = 4; lastKnownFileType = sourcecode.c.h; path = "TestFlight+AsyncLogging.h"; sourceTree = "<group>"; };
		09148DF018A8B20F00338BD3 /* TestFlight+ManualSessions.h */ = {isa = PBXFileReference; fileEncoding = 4; lastKnownFileType = sourcecode.c.h; path = "TestFlight+ManualSessions.h"; sourceTree = "<group>"; };
		09148DF118A8B20F00338BD3 /* TestFlight.h */ = {isa = PBXFileReference; fileEncoding = 4; lastKnownFileType = sourcecode.c.h; path = TestFlight.h; sourceTree = "<group>"; };
		09148DF318A8DCA300338BD3 /* InfoSignUpViewController.h */ = {isa = PBXFileReference; fileEncoding = 4; lastKnownFileType = sourcecode.c.h; name = InfoSignUpViewController.h; path = Classes/InfoSignUpViewController.h; sourceTree = "<group>"; };
		09148DF418A8DCA300338BD3 /* InfoSignUpViewController.m */ = {isa = PBXFileReference; fileEncoding = 4; lastKnownFileType = sourcecode.c.objc; name = InfoSignUpViewController.m; path = Classes/InfoSignUpViewController.m; sourceTree = "<group>"; };
		09C932D518A1F59800BF2DD9 /* Twitter.framework */ = {isa = PBXFileReference; lastKnownFileType = wrapper.framework; name = Twitter.framework; path = System/Library/Frameworks/Twitter.framework; sourceTree = SDKROOT; };
		09CACFCC18A4A01800B9A91D /* PostViewController.h */ = {isa = PBXFileReference; fileEncoding = 4; lastKnownFileType = sourcecode.c.h; name = PostViewController.h; path = Classes/PostViewController.h; sourceTree = "<group>"; };
		09CACFCD18A4A01800B9A91D /* PostViewController.m */ = {isa = PBXFileReference; fileEncoding = 4; lastKnownFileType = sourcecode.c.objc; name = PostViewController.m; path = Classes/PostViewController.m; sourceTree = "<group>"; };
		09CACFD618A4A02B00B9A91D /* CheckInViewController.h */ = {isa = PBXFileReference; fileEncoding = 4; lastKnownFileType = sourcecode.c.h; name = CheckInViewController.h; path = Classes/CheckInViewController.h; sourceTree = "<group>"; };
		09CACFD718A4A02B00B9A91D /* CheckInViewController.m */ = {isa = PBXFileReference; fileEncoding = 4; lastKnownFileType = sourcecode.c.objc; name = CheckInViewController.m; path = Classes/CheckInViewController.m; sourceTree = "<group>"; };
		09CACFD918A4A1C200B9A91D /* userPlaceHolder.jpg */ = {isa = PBXFileReference; lastKnownFileType = image.jpeg; path = userPlaceHolder.jpg; sourceTree = "<group>"; };
		09CACFDC18A4B50200B9A91D /* AsyncImageView.h */ = {isa = PBXFileReference; fileEncoding = 4; lastKnownFileType = sourcecode.c.h; path = AsyncImageView.h; sourceTree = "<group>"; };
		09CACFDD18A4B50200B9A91D /* AsyncImageView.m */ = {isa = PBXFileReference; fileEncoding = 4; lastKnownFileType = sourcecode.c.objc; path = AsyncImageView.m; sourceTree = "<group>"; };
		09FA89C718A2157C00C05CAA /* NSDateFormatter+STTwitter.h */ = {isa = PBXFileReference; fileEncoding = 4; lastKnownFileType = sourcecode.c.h; path = "NSDateFormatter+STTwitter.h"; sourceTree = "<group>"; };
		09FA89C818A2157C00C05CAA /* NSDateFormatter+STTwitter.m */ = {isa = PBXFileReference; fileEncoding = 4; lastKnownFileType = sourcecode.c.objc; path = "NSDateFormatter+STTwitter.m"; sourceTree = "<group>"; };
		09FA89C918A2157C00C05CAA /* NSString+STTwitter.h */ = {isa = PBXFileReference; fileEncoding = 4; lastKnownFileType = sourcecode.c.h; path = "NSString+STTwitter.h"; sourceTree = "<group>"; };
		09FA89CA18A2157C00C05CAA /* NSString+STTwitter.m */ = {isa = PBXFileReference; fileEncoding = 4; lastKnownFileType = sourcecode.c.objc; path = "NSString+STTwitter.m"; sourceTree = "<group>"; };
		09FA89CB18A2157C00C05CAA /* STHTTPRequest+STTwitter.h */ = {isa = PBXFileReference; fileEncoding = 4; lastKnownFileType = sourcecode.c.h; path = "STHTTPRequest+STTwitter.h"; sourceTree = "<group>"; };
		09FA89CC18A2157C00C05CAA /* STHTTPRequest+STTwitter.m */ = {isa = PBXFileReference; fileEncoding = 4; lastKnownFileType = sourcecode.c.objc; path = "STHTTPRequest+STTwitter.m"; sourceTree = "<group>"; };
		09FA89CD18A2157C00C05CAA /* STTwitter.h */ = {isa = PBXFileReference; fileEncoding = 4; lastKnownFileType = sourcecode.c.h; path = STTwitter.h; sourceTree = "<group>"; };
		09FA89CE18A2157C00C05CAA /* STTwitterAPI.h */ = {isa = PBXFileReference; fileEncoding = 4; lastKnownFileType = sourcecode.c.h; path = STTwitterAPI.h; sourceTree = "<group>"; };
		09FA89CF18A2157C00C05CAA /* STTwitterAPI.m */ = {isa = PBXFileReference; fileEncoding = 4; lastKnownFileType = sourcecode.c.objc; path = STTwitterAPI.m; sourceTree = "<group>"; };
		09FA89D018A2157C00C05CAA /* STTwitterAppOnly.h */ = {isa = PBXFileReference; fileEncoding = 4; lastKnownFileType = sourcecode.c.h; path = STTwitterAppOnly.h; sourceTree = "<group>"; };
		09FA89D118A2157C00C05CAA /* STTwitterAppOnly.m */ = {isa = PBXFileReference; fileEncoding = 4; lastKnownFileType = sourcecode.c.objc; path = STTwitterAppOnly.m; sourceTree = "<group>"; };
		09FA89D218A2157C00C05CAA /* STTwitterHTML.h */ = {isa = PBXFileReference; fileEncoding = 4; lastKnownFileType = sourcecode.c.h; path = STTwitterHTML.h; sourceTree = "<group>"; };
		09FA89D318A2157C00C05CAA /* STTwitterHTML.m */ = {isa = PBXFileReference; fileEncoding = 4; lastKnownFileType = sourcecode.c.objc; path = STTwitterHTML.m; sourceTree = "<group>"; };
		09FA89D418A2157C00C05CAA /* STTwitterOAuth.h */ = {isa = PBXFileReference; fileEncoding = 4; lastKnownFileType = sourcecode.c.h; path = STTwitterOAuth.h; sourceTree = "<group>"; };
		09FA89D518A2157C00C05CAA /* STTwitterOAuth.m */ = {isa = PBXFileReference; fileEncoding = 4; lastKnownFileType = sourcecode.c.objc; path = STTwitterOAuth.m; sourceTree = "<group>"; };
		09FA89D618A2157C00C05CAA /* STTwitterOS.h */ = {isa = PBXFileReference; fileEncoding = 4; lastKnownFileType = sourcecode.c.h; path = STTwitterOS.h; sourceTree = "<group>"; };
		09FA89D718A2157C00C05CAA /* STTwitterOS.m */ = {isa = PBXFileReference; fileEncoding = 4; lastKnownFileType = sourcecode.c.objc; path = STTwitterOS.m; sourceTree = "<group>"; };
		09FA89D818A2157C00C05CAA /* STTwitterProtocol.h */ = {isa = PBXFileReference; fileEncoding = 4; lastKnownFileType = sourcecode.c.h; path = STTwitterProtocol.h; sourceTree = "<group>"; };
		09FA89DA18A2157C00C05CAA /* BAVPlistNode.h */ = {isa = PBXFileReference; fileEncoding = 4; lastKnownFileType = sourcecode.c.h; path = BAVPlistNode.h; sourceTree = "<group>"; };
		09FA89DB18A2157C00C05CAA /* BAVPlistNode.m */ = {isa = PBXFileReference; fileEncoding = 4; lastKnownFileType = sourcecode.c.objc; path = BAVPlistNode.m; sourceTree = "<group>"; };
		09FA89DC18A2157C00C05CAA /* JSONSyntaxHighlight.h */ = {isa = PBXFileReference; fileEncoding = 4; lastKnownFileType = sourcecode.c.h; path = JSONSyntaxHighlight.h; sourceTree = "<group>"; };
		09FA89DD18A2157C00C05CAA /* JSONSyntaxHighlight.m */ = {isa = PBXFileReference; fileEncoding = 4; lastKnownFileType = sourcecode.c.objc; path = JSONSyntaxHighlight.m; sourceTree = "<group>"; };
		09FA89DE18A2157C00C05CAA /* STHTTPRequest.h */ = {isa = PBXFileReference; fileEncoding = 4; lastKnownFileType = sourcecode.c.h; path = STHTTPRequest.h; sourceTree = "<group>"; };
		09FA89DF18A2157C00C05CAA /* STHTTPRequest.m */ = {isa = PBXFileReference; fileEncoding = 4; lastKnownFileType = sourcecode.c.objc; path = STHTTPRequest.m; sourceTree = "<group>"; };
		09FA89EB18A215FF00C05CAA /* FacebookSDK.framework */ = {isa = PBXFileReference; lastKnownFileType = wrapper.framework; name = FacebookSDK.framework; path = Casual/FrameWorks/FacebookSDK.framework; sourceTree = "<group>"; };
		09FA8A3718A23A2E00C05CAA /* LoginViewController.h */ = {isa = PBXFileReference; fileEncoding = 4; lastKnownFileType = sourcecode.c.h; name = LoginViewController.h; path = Classes/LoginViewController.h; sourceTree = "<group>"; };
		09FA8A3818A23A2E00C05CAA /* LoginViewController.m */ = {isa = PBXFileReference; fileEncoding = 4; lastKnownFileType = sourcecode.c.objc; name = LoginViewController.m; path = Classes/LoginViewController.m; sourceTree = "<group>"; };
		4E135A8518A54744002DC459 /* sampleQRCode.png */ = {isa = PBXFileReference; lastKnownFileType = image.png; path = sampleQRCode.png; sourceTree = "<group>"; };
		4E135A8818A55BEF002DC459 /* treeBranch1.png */ = {isa = PBXFileReference; lastKnownFileType = image.png; path = treeBranch1.png; sourceTree = "<group>"; };
		4E135A8A18A56137002DC459 /* treeLeftBranch.png */ = {isa = PBXFileReference; lastKnownFileType = image.png; path = treeLeftBranch.png; sourceTree = "<group>"; };
		4E135A8B18A56137002DC459 /* treeRightBranch.png */ = {isa = PBXFileReference; lastKnownFileType = image.png; path = treeRightBranch.png; sourceTree = "<group>"; };
		4E37B30618A76EBC005FF445 /* TwitterServices.h */ = {isa = PBXFileReference; fileEncoding = 4; lastKnownFileType = sourcecode.c.h; path = TwitterServices.h; sourceTree = "<group>"; };
		4E37B30718A76EBC005FF445 /* TwitterServices.m */ = {isa = PBXFileReference; fileEncoding = 4; lastKnownFileType = sourcecode.c.objc; path = TwitterServices.m; sourceTree = "<group>"; };
		4E37B31F18A7B40F005FF445 /* NSDate+NVTimeAgo.h */ = {isa = PBXFileReference; fileEncoding = 4; lastKnownFileType = sourcecode.c.h; path = "NSDate+NVTimeAgo.h"; sourceTree = "<group>"; };
		4E37B32018A7B40F005FF445 /* NSDate+NVTimeAgo.m */ = {isa = PBXFileReference; fileEncoding = 4; lastKnownFileType = sourcecode.c.objc; path = "NSDate+NVTimeAgo.m"; sourceTree = "<group>"; };
		4E37B32218A7B984005FF445 /* SettingsViewController.h */ = {isa = PBXFileReference; fileEncoding = 4; lastKnownFileType = sourcecode.c.h; name = SettingsViewController.h; path = Classes/SettingsViewController.h; sourceTree = "<group>"; };
		4E37B32318A7B984005FF445 /* SettingsViewController.m */ = {isa = PBXFileReference; fileEncoding = 4; lastKnownFileType = sourcecode.c.objc; name = SettingsViewController.m; path = Classes/SettingsViewController.m; sourceTree = "<group>"; };
		4E37B32618A7C071005FF445 /* btnOff.png */ = {isa = PBXFileReference; lastKnownFileType = image.png; path = btnOff.png; sourceTree = "<group>"; };
		4E37B32718A7C071005FF445 /* btnON.png */ = {isa = PBXFileReference; lastKnownFileType = image.png; path = btnON.png; sourceTree = "<group>"; };
		4E37B32A18A7C39A005FF445 /* tf_Top_BG.png */ = {isa = PBXFileReference; lastKnownFileType = image.png; path = tf_Top_BG.png; sourceTree = "<group>"; };
		4E37B32C18A7C3E4005FF445 /* tf_Body_BG.png */ = {isa = PBXFileReference; lastKnownFileType = image.png; path = tf_Body_BG.png; sourceTree = "<group>"; };
		4E37B33518A7CCC6005FF445 /* InfoViewController.h */ = {isa = PBXFileReference; fileEncoding = 4; lastKnownFileType = sourcecode.c.h; name = InfoViewController.h; path = Classes/InfoViewController.h; sourceTree = "<group>"; };
		4E37B33618A7CCC6005FF445 /* InfoViewController.m */ = {isa = PBXFileReference; fileEncoding = 4; lastKnownFileType = sourcecode.c.objc; name = InfoViewController.m; path = Classes/InfoViewController.m; sourceTree = "<group>"; };
		4E37B33818A7D0D4005FF445 /* btnInfo_Sel@2x.png */ = {isa = PBXFileReference; lastKnownFileType = image.png; path = "btnInfo_Sel@2x.png"; sourceTree = "<group>"; };
		4E37B33918A7D0D4005FF445 /* btnInfo@2x.png */ = {isa = PBXFileReference; lastKnownFileType = image.png; path = "btnInfo@2x.png"; sourceTree = "<group>"; };
		4E37B33C18A7D107005FF445 /* btnInfo_Sel.png */ = {isa = PBXFileReference; lastKnownFileType = image.png; path = btnInfo_Sel.png; sourceTree = "<group>"; };
		4E37B33D18A7D107005FF445 /* btnInfo.png */ = {isa = PBXFileReference; lastKnownFileType = image.png; path = btnInfo.png; sourceTree = "<group>"; };
		4E37B34B18A80FBE005FF445 /* libz.1.1.3.dylib */ = {isa = PBXFileReference; lastKnownFileType = "compiled.mach-o.dylib"; name = libz.1.1.3.dylib; path = usr/lib/libz.1.1.3.dylib; sourceTree = SDKROOT; };
		4E952FE218A669D400075CCB /* ActivityTableDatasource.h */ = {isa = PBXFileReference; fileEncoding = 4; lastKnownFileType = sourcecode.c.h; path = ActivityTableDatasource.h; sourceTree = "<group>"; };
		4E952FE318A669D400075CCB /* ActivityTableDatasource.m */ = {isa = PBXFileReference; fileEncoding = 4; lastKnownFileType = sourcecode.c.objc; path = ActivityTableDatasource.m; sourceTree = "<group>"; };
		4E9D204318A154020019E86B /* TextFieldsBG.png */ = {isa = PBXFileReference; lastKnownFileType = image.png; path = TextFieldsBG.png; sourceTree = "<group>"; };
		4E9D204518A158350019E86B /* Seperator.png */ = {isa = PBXFileReference; lastKnownFileType = image.png; path = Seperator.png; sourceTree = "<group>"; };
		4E9D204718A159930019E86B /* Background.png */ = {isa = PBXFileReference; lastKnownFileType = image.png; path = Background.png; sourceTree = "<group>"; };
		4E9D204918A15B1C0019E86B /* BG_small.png */ = {isa = PBXFileReference; lastKnownFileType = image.png; path = BG_small.png; sourceTree = "<group>"; };
		4E9D204A18A15B1C0019E86B /* BtnFacebook.png */ = {isa = PBXFileReference; lastKnownFileType = image.png; path = BtnFacebook.png; sourceTree = "<group>"; };
		4E9D204B18A15B1C0019E86B /* BtnTwitter.png */ = {isa = PBXFileReference; lastKnownFileType = image.png; path = BtnTwitter.png; sourceTree = "<group>"; };
		4E9D204C18A15B1C0019E86B /* OR.png */ = {isa = PBXFileReference; lastKnownFileType = image.png; path = OR.png; sourceTree = "<group>"; };
		4E9D204D18A15B1C0019E86B /* txt_OR_Join_Casual.png */ = {isa = PBXFileReference; lastKnownFileType = image.png; path = txt_OR_Join_Casual.png; sourceTree = "<group>"; };
		4E9D205518A15DC90019E86B /* BtnSignUp.png */ = {isa = PBXFileReference; lastKnownFileType = image.png; path = BtnSignUp.png; sourceTree = "<group>"; };
		4E9D205718A15E730019E86B /* Bg_mainScreen.png */ = {isa = PBXFileReference; lastKnownFileType = image.png; path = Bg_mainScreen.png; sourceTree = "<group>"; };
		4E9D205918A15EE40019E86B /* BtnLogin.png */ = {isa = PBXFileReference; lastKnownFileType = image.png; path = BtnLogin.png; sourceTree = "<group>"; };
		4E9D205B18A15F7D0019E86B /* Logo.png */ = {isa = PBXFileReference; lastKnownFileType = image.png; path = Logo.png; sourceTree = "<group>"; };
		4E9D205D18A15FEA0019E86B /* leaf.png */ = {isa = PBXFileReference; lastKnownFileType = image.png; path = leaf.png; sourceTree = "<group>"; };
		4E9D206018A167350019E86B /* MBProgressHUD.h */ = {isa = PBXFileReference; fileEncoding = 4; lastKnownFileType = sourcecode.c.h; path = MBProgressHUD.h; sourceTree = "<group>"; };
		4E9D206118A167350019E86B /* MBProgressHUD.m */ = {isa = PBXFileReference; fileEncoding = 4; lastKnownFileType = sourcecode.c.objc; path = MBProgressHUD.m; sourceTree = "<group>"; };
		4E9D206418A1678A0019E86B /* StringCategories.h */ = {isa = PBXFileReference; fileEncoding = 4; lastKnownFileType = sourcecode.c.h; path = StringCategories.h; sourceTree = "<group>"; };
		4E9D206518A1678A0019E86B /* StringCategories.m */ = {isa = PBXFileReference; fileEncoding = 4; lastKnownFileType = sourcecode.c.objc; path = StringCategories.m; sourceTree = "<group>"; };
		4E9D206618A1678A0019E86B /* UIImageCategories.h */ = {isa = PBXFileReference; fileEncoding = 4; lastKnownFileType = sourcecode.c.h; path = UIImageCategories.h; sourceTree = "<group>"; };
		4E9D206718A1678A0019E86B /* UIImageCategories.m */ = {isa = PBXFileReference; fileEncoding = 4; lastKnownFileType = sourcecode.c.objc; path = UIImageCategories.m; sourceTree = "<group>"; };
		4E9D206818A1678A0019E86B /* UIViewControllerCategories.h */ = {isa = PBXFileReference; fileEncoding = 4; lastKnownFileType = sourcecode.c.h; path = UIViewControllerCategories.h; sourceTree = "<group>"; };
		4E9D206918A1678A0019E86B /* UIViewControllerCategories.m */ = {isa = PBXFileReference; fileEncoding = 4; lastKnownFileType = sourcecode.c.objc; path = UIViewControllerCategories.m; sourceTree = "<group>"; };
		4E9D7C6418A626190083147D /* BtnActivites_Sel@2x.png */ = {isa = PBXFileReference; lastKnownFileType = image.png; path = "BtnActivites_Sel@2x.png"; sourceTree = "<group>"; };
		4E9D7C6518A626190083147D /* BtnHistory_Sel@2x.png */ = {isa = PBXFileReference; lastKnownFileType = image.png; path = "BtnHistory_Sel@2x.png"; sourceTree = "<group>"; };
		4E9D7C6618A626190083147D /* BtnScan_Sel@2x.png */ = {isa = PBXFileReference; lastKnownFileType = image.png; path = "BtnScan_Sel@2x.png"; sourceTree = "<group>"; };
		4E9D7C7118A628740083147D /* BtnActivites_Sel.png */ = {isa = PBXFileReference; lastKnownFileType = image.png; path = BtnActivites_Sel.png; sourceTree = "<group>"; };
		4E9D7C7218A628740083147D /* BtnHistory_Sel.png */ = {isa = PBXFileReference; lastKnownFileType = image.png; path = BtnHistory_Sel.png; sourceTree = "<group>"; };
		4E9D7C7318A628740083147D /* BtnScan_Sel.png */ = {isa = PBXFileReference; lastKnownFileType = image.png; path = BtnScan_Sel.png; sourceTree = "<group>"; };
		4E9D7C7718A62B080083147D /* BtnHome_Sel.png */ = {isa = PBXFileReference; lastKnownFileType = image.png; path = BtnHome_Sel.png; sourceTree = "<group>"; };
		4E9D7C7818A62B080083147D /* BtnHome_Sel@2x.png */ = {isa = PBXFileReference; lastKnownFileType = image.png; path = "BtnHome_Sel@2x.png"; sourceTree = "<group>"; };
		4E9DBD2918A41B1B00CD1AD4 /* ScanViewController.h */ = {isa = PBXFileReference; fileEncoding = 4; lastKnownFileType = sourcecode.c.h; name = ScanViewController.h; path = Classes/ScanViewController.h; sourceTree = "<group>"; };
		4E9DBD2A18A41B1B00CD1AD4 /* ScanViewController.m */ = {isa = PBXFileReference; fileEncoding = 4; lastKnownFileType = sourcecode.c.objc; name = ScanViewController.m; path = Classes/ScanViewController.m; sourceTree = "<group>"; };
		4E9DBD3318A41B2800CD1AD4 /* HistoryViewController.h */ = {isa = PBXFileReference; fileEncoding = 4; lastKnownFileType = sourcecode.c.h; name = HistoryViewController.h; path = Classes/HistoryViewController.h; sourceTree = "<group>"; };
		4E9DBD3418A41B2800CD1AD4 /* HistoryViewController.m */ = {isa = PBXFileReference; fileEncoding = 4; lastKnownFileType = sourcecode.c.objc; name = HistoryViewController.m; path = Classes/HistoryViewController.m; sourceTree = "<group>"; };
		4E9DBD3618A41B3800CD1AD4 /* ActivitiesViewController.h */ = {isa = PBXFileReference; fileEncoding = 4; lastKnownFileType = sourcecode.c.h; name = ActivitiesViewController.h; path = Classes/ActivitiesViewController.h; sourceTree = "<group>"; };
		4E9DBD3718A41B3800CD1AD4 /* ActivitiesViewController.m */ = {isa = PBXFileReference; fileEncoding = 4; lastKnownFileType = sourcecode.c.objc; name = ActivitiesViewController.m; path = Classes/ActivitiesViewController.m; sourceTree = "<group>"; };
		4E9DBD3A18A41B9B00CD1AD4 /* postTF_BG.png */ = {isa = PBXFileReference; lastKnownFileType = image.png; path = postTF_BG.png; sourceTree = "<group>"; };
		4E9DBD3C18A41BAD00CD1AD4 /* TopBar.png */ = {isa = PBXFileReference; lastKnownFileType = image.png; path = TopBar.png; sourceTree = "<group>"; };
		4E9DBD3F18A41BBA00CD1AD4 /* FB_TW_Bar.png */ = {isa = PBXFileReference; lastKnownFileType = image.png; path = FB_TW_Bar.png; sourceTree = "<group>"; };
		4E9DBD4018A41BBA00CD1AD4 /* Status_CheckIn_BG.png */ = {isa = PBXFileReference; lastKnownFileType = image.png; path = Status_CheckIn_BG.png; sourceTree = "<group>"; };
		4E9DBD4318A41BCB00CD1AD4 /* backButton.png */ = {isa = PBXFileReference; lastKnownFileType = image.png; path = backButton.png; sourceTree = "<group>"; };
		4E9DBD4418A41BCB00CD1AD4 /* SettingsBtn.png */ = {isa = PBXFileReference; lastKnownFileType = image.png; path = SettingsBtn.png; sourceTree = "<group>"; };
		4E9DBD4718A41BD500CD1AD4 /* btnLoginAll.png */ = {isa = PBXFileReference; lastKnownFileType = image.png; path = btnLoginAll.png; sourceTree = "<group>"; };
		4E9FBA3218A28B0C00395558 /* RootViewController.h */ = {isa = PBXFileReference; fileEncoding = 4; lastKnownFileType = sourcecode.c.h; name = RootViewController.h; path = Classes/RootViewController.h; sourceTree = "<group>"; };
		4E9FBA3318A28B0C00395558 /* RootViewController.m */ = {isa = PBXFileReference; fileEncoding = 4; lastKnownFileType = sourcecode.c.objc; name = RootViewController.m; path = Classes/RootViewController.m; sourceTree = "<group>"; };
		4E9FBA3818A2AF2B00395558 /* HomeViewController.h */ = {isa = PBXFileReference; fileEncoding = 4; lastKnownFileType = sourcecode.c.h; name = HomeViewController.h; path = Classes/HomeViewController.h; sourceTree = "<group>"; };
		4E9FBA3918A2AF2B00395558 /* HomeViewController.m */ = {isa = PBXFileReference; fileEncoding = 4; lastKnownFileType = sourcecode.c.objc; name = HomeViewController.m; path = Classes/HomeViewController.m; sourceTree = "<group>"; };
		4E9FBA3C18A2B31100395558 /* BtnActivites.png */ = {isa = PBXFileReference; lastKnownFileType = image.png; path = BtnActivites.png; sourceTree = "<group>"; };
		4E9FBA3D18A2B31100395558 /* BtnHistory.png */ = {isa = PBXFileReference; lastKnownFileType = image.png; path = BtnHistory.png; sourceTree = "<group>"; };
		4E9FBA3E18A2B31100395558 /* BtnHome.png */ = {isa = PBXFileReference; lastKnownFileType = image.png; path = BtnHome.png; sourceTree = "<group>"; };
		4E9FBA3F18A2B31100395558 /* BtnScan.png */ = {isa = PBXFileReference; lastKnownFileType = image.png; path = BtnScan.png; sourceTree = "<group>"; };
		4E9FBA4418A2B80400395558 /* BtnHome@2x.png */ = {isa = PBXFileReference; lastKnownFileType = image.png; path = "BtnHome@2x.png"; sourceTree = "<group>"; };
		4E9FBA4618A2B8A200395558 /* BtnActivites@2x.png */ = {isa = PBXFileReference; lastKnownFileType = image.png; path = "BtnActivites@2x.png"; sourceTree = "<group>"; };
		4E9FBA4718A2B8A200395558 /* BtnHistory@2x.png */ = {isa = PBXFileReference; lastKnownFileType = image.png; path = "BtnHistory@2x.png"; sourceTree = "<group>"; };
		4E9FBA4818A2B8A200395558 /* BtnScan@2x.png */ = {isa = PBXFileReference; lastKnownFileType = image.png; path = "BtnScan@2x.png"; sourceTree = "<group>"; };
		4E9FBA4C18A2B99700395558 /* TabBarBG@2x.png */ = {isa = PBXFileReference; lastKnownFileType = image.png; path = "TabBarBG@2x.png"; sourceTree = "<group>"; };
		4E9FBA4E18A2BD0B00395558 /* CenterImage.png */ = {isa = PBXFileReference; lastKnownFileType = image.png; path = CenterImage.png; sourceTree = "<group>"; };
		4E9FBA4F18A2BD0B00395558 /* TreeImage.png */ = {isa = PBXFileReference; lastKnownFileType = image.png; path = TreeImage.png; sourceTree = "<group>"; };
		4E9FBA6D18A2C70E00395558 /* ZXingObjC.xcodeproj */ = {isa = PBXFileReference; lastKnownFileType = "wrapper.pb-project"; name = ZXingObjC.xcodeproj; path = "Casual/FrameWorks/ZXingObjC-master/ZXingObjC.xcodeproj"; sourceTree = "<group>"; };
		4E9FBA8618A2C98300395558 /* AVFoundation.framework */ = {isa = PBXFileReference; lastKnownFileType = wrapper.framework; name = AVFoundation.framework; path = System/Library/Frameworks/AVFoundation.framework; sourceTree = SDKROOT; };
		4E9FBA8918A2C9D700395558 /* CoreMedia.framework */ = {isa = PBXFileReference; lastKnownFileType = wrapper.framework; name = CoreMedia.framework; path = System/Library/Frameworks/CoreMedia.framework; sourceTree = SDKROOT; };
		4E9FBA8B18A2C9E400395558 /* CoreVideo.framework */ = {isa = PBXFileReference; lastKnownFileType = wrapper.framework; name = CoreVideo.framework; path = System/Library/Frameworks/CoreVideo.framework; sourceTree = SDKROOT; };
		4E9FBA8D18A2C9F000395558 /* ImageIO.framework */ = {isa = PBXFileReference; lastKnownFileType = wrapper.framework; name = ImageIO.framework; path = System/Library/Frameworks/ImageIO.framework; sourceTree = SDKROOT; };
		4E9FBA8F18A2CA0000395558 /* QuartzCore.framework */ = {isa = PBXFileReference; lastKnownFileType = wrapper.framework; name = QuartzCore.framework; path = System/Library/Frameworks/QuartzCore.framework; sourceTree = SDKROOT; };
		4E9FBA9118A2CA1500395558 /* Social.framework */ = {isa = PBXFileReference; lastKnownFileType = wrapper.framework; name = Social.framework; path = System/Library/Frameworks/Social.framework; sourceTree = SDKROOT; };
		4E9FBA9318A2CA2700395558 /* Accounts.framework */ = {isa = PBXFileReference; lastKnownFileType = wrapper.framework; name = Accounts.framework; path = System/Library/Frameworks/Accounts.framework; sourceTree = SDKROOT; };
		4E9FBA9518A2CA2D00395558 /* Security.framework */ = {isa = PBXFileReference; lastKnownFileType = wrapper.framework; name = Security.framework; path = System/Library/Frameworks/Security.framework; sourceTree = SDKROOT; };
		4E9FBA9718A2CA4700395558 /* AudioToolbox.framework */ = {isa = PBXFileReference; lastKnownFileType = wrapper.framework; name = AudioToolbox.framework; path = System/Library/Frameworks/AudioToolbox.framework; sourceTree = SDKROOT; };
		4EC1785D18A6A82800B72C92 /* HistoryViewCell.h */ = {isa = PBXFileReference; fileEncoding = 4; lastKnownFileType = sourcecode.c.h; path = HistoryViewCell.h; sourceTree = "<group>"; };
		4EC1785E18A6A82800B72C92 /* HistoryViewCell.m */ = {isa = PBXFileReference; fileEncoding = 4; lastKnownFileType = sourcecode.c.objc; path = HistoryViewCell.m; sourceTree = "<group>"; };
		4EC1786718A6A89100B72C92 /* ActivityTableLeftCell.h */ = {isa = PBXFileReference; fileEncoding = 4; lastKnownFileType = sourcecode.c.h; path = ActivityTableLeftCell.h; sourceTree = "<group>"; };
		4EC1786818A6A89100B72C92 /* ActivityTableLeftCell.m */ = {isa = PBXFileReference; fileEncoding = 4; lastKnownFileType = sourcecode.c.objc; path = ActivityTableLeftCell.m; sourceTree = "<group>"; };
		4EC1786A18A6A8CF00B72C92 /* ActivityTableRightCell.h */ = {isa = PBXFileReference; fileEncoding = 4; lastKnownFileType = sourcecode.c.h; path = ActivityTableRightCell.h; sourceTree = "<group>"; };
		4EC1786B18A6A8CF00B72C92 /* ActivityTableRightCell.m */ = {isa = PBXFileReference; fileEncoding = 4; lastKnownFileType = sourcecode.c.objc; path = ActivityTableRightCell.m; sourceTree = "<group>"; };
		4EC1786D18A6AB0700B72C92 /* postTF_BG_right.png */ = {isa = PBXFileReference; lastKnownFileType = image.png; path = postTF_BG_right.png; sourceTree = "<group>"; };
		4EC2B25318A1439A0045291A /* Casual.app */ = {isa = PBXFileReference; explicitFileType = wrapper.application; includeInIndex = 0; path = Casual.app; sourceTree = BUILT_PRODUCTS_DIR; };
		4EC2B25618A1439A0045291A /* Foundation.framework */ = {isa = PBXFileReference; lastKnownFileType = wrapper.framework; name = Foundation.framework; path = System/Library/Frameworks/Foundation.framework; sourceTree = SDKROOT; };
		4EC2B25818A1439A0045291A /* CoreGraphics.framework */ = {isa = PBXFileReference; lastKnownFileType = wrapper.framework; name = CoreGraphics.framework; path = System/Library/Frameworks/CoreGraphics.framework; sourceTree = SDKROOT; };
		4EC2B25A18A1439A0045291A /* UIKit.framework */ = {isa = PBXFileReference; lastKnownFileType = wrapper.framework; name = UIKit.framework; path = System/Library/Frameworks/UIKit.framework; sourceTree = SDKROOT; };
		4EC2B25E18A1439A0045291A /* Casual-Info.plist */ = {isa = PBXFileReference; lastKnownFileType = text.plist.xml; path = "Casual-Info.plist"; sourceTree = "<group>"; };
		4EC2B26018A1439A0045291A /* en */ = {isa = PBXFileReference; lastKnownFileType = text.plist.strings; name = en; path = en.lproj/InfoPlist.strings; sourceTree = "<group>"; };
		4EC2B26218A1439A0045291A /* main.m */ = {isa = PBXFileReference; lastKnownFileType = sourcecode.c.objc; path = main.m; sourceTree = "<group>"; };
		4EC2B26418A1439A0045291A /* Casual-Prefix.pch */ = {isa = PBXFileReference; lastKnownFileType = sourcecode.c.h; path = "Casual-Prefix.pch"; sourceTree = "<group>"; };
		4EC2B26518A1439A0045291A /* AppDelegate.h */ = {isa = PBXFileReference; lastKnownFileType = sourcecode.c.h; path = AppDelegate.h; sourceTree = "<group>"; };
		4EC2B26618A1439A0045291A /* AppDelegate.m */ = {isa = PBXFileReference; lastKnownFileType = sourcecode.c.objc; path = AppDelegate.m; sourceTree = "<group>"; };
		4EC2B26918A1439A0045291A /* Base */ = {isa = PBXFileReference; lastKnownFileType = file.storyboard; name = Base; path = Base.lproj/Main_iPhone.storyboard; sourceTree = "<group>"; };
		4EC2B26C18A1439A0045291A /* Base */ = {isa = PBXFileReference; lastKnownFileType = file.storyboard; name = Base; path = Base.lproj/Main_iPad.storyboard; sourceTree = "<group>"; };
		4EC2B27118A1439A0045291A /* Images.xcassets */ = {isa = PBXFileReference; lastKnownFileType = folder.assetcatalog; path = Images.xcassets; sourceTree = "<group>"; };
		4EC2B27718A1439A0045291A /* CasualTests.xctest */ = {isa = PBXFileReference; explicitFileType = wrapper.cfbundle; includeInIndex = 0; path = CasualTests.xctest; sourceTree = BUILT_PRODUCTS_DIR; };
		4EC2B27818A1439A0045291A /* XCTest.framework */ = {isa = PBXFileReference; lastKnownFileType = wrapper.framework; name = XCTest.framework; path = Library/Frameworks/XCTest.framework; sourceTree = DEVELOPER_DIR; };
		4EC2B28018A1439A0045291A /* CasualTests-Info.plist */ = {isa = PBXFileReference; lastKnownFileType = text.plist.xml; path = "CasualTests-Info.plist"; sourceTree = "<group>"; };
		4EC2B28218A1439A0045291A /* en */ = {isa = PBXFileReference; lastKnownFileType = text.plist.strings; name = en; path = en.lproj/InfoPlist.strings; sourceTree = "<group>"; };
		4EC2B28418A1439A0045291A /* CasualTests.m */ = {isa = PBXFileReference; lastKnownFileType = sourcecode.c.objc; path = CasualTests.m; sourceTree = "<group>"; };
		4EC2B28E18A145510045291A /* SignUpViewController.h */ = {isa = PBXFileReference; fileEncoding = 4; lastKnownFileType = sourcecode.c.h; name = SignUpViewController.h; path = Classes/SignUpViewController.h; sourceTree = "<group>"; };
		4EC2B28F18A145510045291A /* SignUpViewController.m */ = {isa = PBXFileReference; fileEncoding = 4; lastKnownFileType = sourcecode.c.objc; name = SignUpViewController.m; path = Classes/SignUpViewController.m; sourceTree = "<group>"; };
		4EC2B29118A145B40045291A /* Constants.h */ = {isa = PBXFileReference; lastKnownFileType = sourcecode.c.h; path = Constants.h; sourceTree = "<group>"; };
		4EC2B2CE18A147030045291A /* AFHTTPClient.h */ = {isa = PBXFileReference; fileEncoding = 4; lastKnownFileType = sourcecode.c.h; path = AFHTTPClient.h; sourceTree = "<group>"; };
		4EC2B2CF18A147030045291A /* AFHTTPClient.m */ = {isa = PBXFileReference; fileEncoding = 4; lastKnownFileType = sourcecode.c.objc; path = AFHTTPClient.m; sourceTree = "<group>"; };
		4EC2B2D018A147030045291A /* AFHTTPRequestOperation.h */ = {isa = PBXFileReference; fileEncoding = 4; lastKnownFileType = sourcecode.c.h; path = AFHTTPRequestOperation.h; sourceTree = "<group>"; };
		4EC2B2D118A147030045291A /* AFHTTPRequestOperation.m */ = {isa = PBXFileReference; fileEncoding = 4; lastKnownFileType = sourcecode.c.objc; path = AFHTTPRequestOperation.m; sourceTree = "<group>"; };
		4EC2B2D218A147030045291A /* AFImageRequestOperation.h */ = {isa = PBXFileReference; fileEncoding = 4; lastKnownFileType = sourcecode.c.h; path = AFImageRequestOperation.h; sourceTree = "<group>"; };
		4EC2B2D318A147030045291A /* AFImageRequestOperation.m */ = {isa = PBXFileReference; fileEncoding = 4; lastKnownFileType = sourcecode.c.objc; path = AFImageRequestOperation.m; sourceTree = "<group>"; };
		4EC2B2D418A147030045291A /* AFJSONRequestOperation.h */ = {isa = PBXFileReference; fileEncoding = 4; lastKnownFileType = sourcecode.c.h; path = AFJSONRequestOperation.h; sourceTree = "<group>"; };
		4EC2B2D518A147030045291A /* AFJSONRequestOperation.m */ = {isa = PBXFileReference; fileEncoding = 4; lastKnownFileType = sourcecode.c.objc; path = AFJSONRequestOperation.m; sourceTree = "<group>"; };
		4EC2B2D618A147030045291A /* AFNetworkActivityIndicatorManager.h */ = {isa = PBXFileReference; fileEncoding = 4; lastKnownFileType = sourcecode.c.h; path = AFNetworkActivityIndicatorManager.h; sourceTree = "<group>"; };
		4EC2B2D718A147030045291A /* AFNetworkActivityIndicatorManager.m */ = {isa = PBXFileReference; fileEncoding = 4; lastKnownFileType = sourcecode.c.objc; path = AFNetworkActivityIndicatorManager.m; sourceTree = "<group>"; };
		4EC2B2D818A147030045291A /* AFNetworking.h */ = {isa = PBXFileReference; fileEncoding = 4; lastKnownFileType = sourcecode.c.h; path = AFNetworking.h; sourceTree = "<group>"; };
		4EC2B2D918A147030045291A /* AFPropertyListRequestOperation.h */ = {isa = PBXFileReference; fileEncoding = 4; lastKnownFileType = sourcecode.c.h; path = AFPropertyListRequestOperation.h; sourceTree = "<group>"; };
		4EC2B2DA18A147030045291A /* AFPropertyListRequestOperation.m */ = {isa = PBXFileReference; fileEncoding = 4; lastKnownFileType = sourcecode.c.objc; path = AFPropertyListRequestOperation.m; sourceTree = "<group>"; };
		4EC2B2DB18A147030045291A /* AFURLConnectionOperation.h */ = {isa = PBXFileReference; fileEncoding = 4; lastKnownFileType = sourcecode.c.h; path = AFURLConnectionOperation.h; sourceTree = "<group>"; };
		4EC2B2DC18A147030045291A /* AFURLConnectionOperation.m */ = {isa = PBXFileReference; fileEncoding = 4; lastKnownFileType = sourcecode.c.objc; path = AFURLConnectionOperation.m; sourceTree = "<group>"; };
		4EC2B2DD18A147030045291A /* AFXMLRequestOperation.h */ = {isa = PBXFileReference; fileEncoding = 4; lastKnownFileType = sourcecode.c.h; path = AFXMLRequestOperation.h; sourceTree = "<group>"; };
		4EC2B2DE18A147030045291A /* AFXMLRequestOperation.m */ = {isa = PBXFileReference; fileEncoding = 4; lastKnownFileType = sourcecode.c.objc; path = AFXMLRequestOperation.m; sourceTree = "<group>"; };
		4EC2B2DF18A147030045291A /* UIImageView+AFNetworking.h */ = {isa = PBXFileReference; fileEncoding = 4; lastKnownFileType = sourcecode.c.h; path = "UIImageView+AFNetworking.h"; sourceTree = "<group>"; };
		4EC2B2E018A147030045291A /* UIImageView+AFNetworking.m */ = {isa = PBXFileReference; fileEncoding = 4; lastKnownFileType = sourcecode.c.objc; path = "UIImageView+AFNetworking.m"; sourceTree = "<group>"; };
/* End PBXFileReference section */

/* Begin PBXFrameworksBuildPhase section */
		4EC2B25018A1439A0045291A /* Frameworks */ = {
			isa = PBXFrameworksBuildPhase;
			buildActionMask = 2147483647;
			files = (
				4E37B34C18A80FBE005FF445 /* libz.1.1.3.dylib in Frameworks */,
				4E9FBA9818A2CA4700395558 /* AudioToolbox.framework in Frameworks */,
				4E9FBA9618A2CA2D00395558 /* Security.framework in Frameworks */,
				4E9FBA9418A2CA2700395558 /* Accounts.framework in Frameworks */,
				4E9FBA9218A2CA1500395558 /* Social.framework in Frameworks */,
				4E9FBA9018A2CA0000395558 /* QuartzCore.framework in Frameworks */,
				4E9FBA8E18A2C9F000395558 /* ImageIO.framework in Frameworks */,
				4E9FBA8C18A2C9E400395558 /* CoreVideo.framework in Frameworks */,
				4E9FBA8A18A2C9D700395558 /* CoreMedia.framework in Frameworks */,
				4E9FBA8718A2C98300395558 /* AVFoundation.framework in Frameworks */,
				4E9FBA8518A2C89300395558 /* libZXingObjC-iOS.a in Frameworks */,
				09148DF218A8B20F00338BD3 /* libTestFlight.a in Frameworks */,
				09C932D618A1F59800BF2DD9 /* Twitter.framework in Frameworks */,
				09FA89EC18A215FF00C05CAA /* FacebookSDK.framework in Frameworks */,
				4EC2B25918A1439A0045291A /* CoreGraphics.framework in Frameworks */,
				4EC2B25B18A1439A0045291A /* UIKit.framework in Frameworks */,
				4EC2B25718A1439A0045291A /* Foundation.framework in Frameworks */,
			);
			runOnlyForDeploymentPostprocessing = 0;
		};
		4EC2B27418A1439A0045291A /* Frameworks */ = {
			isa = PBXFrameworksBuildPhase;
			buildActionMask = 2147483647;
			files = (
				4EC2B27918A1439A0045291A /* XCTest.framework in Frameworks */,
				4EC2B27B18A1439A0045291A /* UIKit.framework in Frameworks */,
				4EC2B27A18A1439A0045291A /* Foundation.framework in Frameworks */,
			);
			runOnlyForDeploymentPostprocessing = 0;
		};
/* End PBXFrameworksBuildPhase section */

/* Begin PBXGroup section */
		09148DED18A8B20F00338BD3 /* TestFlightSDK2.2.1 */ = {
			isa = PBXGroup;
			children = (
				09148DEE18A8B20F00338BD3 /* libTestFlight.a */,
				09148DEF18A8B20F00338BD3 /* TestFlight+AsyncLogging.h */,
				09148DF018A8B20F00338BD3 /* TestFlight+ManualSessions.h */,
				09148DF118A8B20F00338BD3 /* TestFlight.h */,
			);
			path = TestFlightSDK2.2.1;
			sourceTree = "<group>";
		};
		09CACFDB18A4B50200B9A91D /* AsyncImageView */ = {
			isa = PBXGroup;
			children = (
				09CACFDC18A4B50200B9A91D /* AsyncImageView.h */,
				09CACFDD18A4B50200B9A91D /* AsyncImageView.m */,
			);
			path = AsyncImageView;
			sourceTree = "<group>";
		};
		09FA89C618A2157C00C05CAA /* STTwitter */ = {
			isa = PBXGroup;
			children = (
				09FA89C718A2157C00C05CAA /* NSDateFormatter+STTwitter.h */,
				09FA89C818A2157C00C05CAA /* NSDateFormatter+STTwitter.m */,
				09FA89C918A2157C00C05CAA /* NSString+STTwitter.h */,
				09FA89CA18A2157C00C05CAA /* NSString+STTwitter.m */,
				09FA89CB18A2157C00C05CAA /* STHTTPRequest+STTwitter.h */,
				09FA89CC18A2157C00C05CAA /* STHTTPRequest+STTwitter.m */,
				09FA89CD18A2157C00C05CAA /* STTwitter.h */,
				09FA89CE18A2157C00C05CAA /* STTwitterAPI.h */,
				09FA89CF18A2157C00C05CAA /* STTwitterAPI.m */,
				09FA89D018A2157C00C05CAA /* STTwitterAppOnly.h */,
				09FA89D118A2157C00C05CAA /* STTwitterAppOnly.m */,
				09FA89D218A2157C00C05CAA /* STTwitterHTML.h */,
				09FA89D318A2157C00C05CAA /* STTwitterHTML.m */,
				09FA89D418A2157C00C05CAA /* STTwitterOAuth.h */,
				09FA89D518A2157C00C05CAA /* STTwitterOAuth.m */,
				09FA89D618A2157C00C05CAA /* STTwitterOS.h */,
				09FA89D718A2157C00C05CAA /* STTwitterOS.m */,
				09FA89D818A2157C00C05CAA /* STTwitterProtocol.h */,
				09FA89D918A2157C00C05CAA /* Vendor */,
			);
			path = STTwitter;
			sourceTree = "<group>";
		};
		09FA89D918A2157C00C05CAA /* Vendor */ = {
			isa = PBXGroup;
			children = (
				09FA89DA18A2157C00C05CAA /* BAVPlistNode.h */,
				09FA89DB18A2157C00C05CAA /* BAVPlistNode.m */,
				09FA89DC18A2157C00C05CAA /* JSONSyntaxHighlight.h */,
				09FA89DD18A2157C00C05CAA /* JSONSyntaxHighlight.m */,
				09FA89DE18A2157C00C05CAA /* STHTTPRequest.h */,
				09FA89DF18A2157C00C05CAA /* STHTTPRequest.m */,
			);
			path = Vendor;
			sourceTree = "<group>";
		};
		4E135A8718A55BEF002DC459 /* HistoryScreen */ = {
			isa = PBXGroup;
			children = (
				4E135A8A18A56137002DC459 /* treeLeftBranch.png */,
				4E135A8B18A56137002DC459 /* treeRightBranch.png */,
				4E135A8818A55BEF002DC459 /* treeBranch1.png */,
			);
			path = HistoryScreen;
			sourceTree = "<group>";
		};
		4E37B2FE18A76E98005FF445 /* Twitter */ = {
			isa = PBXGroup;
			children = (
				4E37B30618A76EBC005FF445 /* TwitterServices.h */,
				4E37B30718A76EBC005FF445 /* TwitterServices.m */,
			);
			name = Twitter;
			path = Classes/Twitter;
			sourceTree = "<group>";
		};
		4E37B31B18A7B2FF005FF445 /* TimeAgo */ = {
			isa = PBXGroup;
			children = (
				4E37B31F18A7B40F005FF445 /* NSDate+NVTimeAgo.h */,
				4E37B32018A7B40F005FF445 /* NSDate+NVTimeAgo.m */,
			);
			path = TimeAgo;
			sourceTree = "<group>";
		};
		4E37B32518A7C071005FF445 /* SettingsScreen */ = {
			isa = PBXGroup;
			children = (
				4E37B32C18A7C3E4005FF445 /* tf_Body_BG.png */,
				4E37B32A18A7C39A005FF445 /* tf_Top_BG.png */,
				4E37B32618A7C071005FF445 /* btnOff.png */,
				4E37B32718A7C071005FF445 /* btnON.png */,
			);
			path = SettingsScreen;
			sourceTree = "<group>";
		};
		4E952FE118A669D400075CCB /* DataSource */ = {
			isa = PBXGroup;
			children = (
				4E952FE218A669D400075CCB /* ActivityTableDatasource.h */,
				4E952FE318A669D400075CCB /* ActivityTableDatasource.m */,
			);
			name = DataSource;
			path = Classes/DataSource;
			sourceTree = "<group>";
		};
		4E9D204218A154020019E86B /* Images */ = {
			isa = PBXGroup;
			children = (
				4E37B32518A7C071005FF445 /* SettingsScreen */,
				4E135A8718A55BEF002DC459 /* HistoryScreen */,
				4E9DBD3E18A41BBA00CD1AD4 /* ActivitiesScreen */,
				4E9DBD3918A41B9B00CD1AD4 /* PostScreen */,
				4E9FBA3B18A2B31100395558 /* HomeScreen */,
				4E9D204918A15B1C0019E86B /* BG_small.png */,
				4E9D204A18A15B1C0019E86B /* BtnFacebook.png */,
				4E135A8518A54744002DC459 /* sampleQRCode.png */,
				4E9DBD4718A41BD500CD1AD4 /* btnLoginAll.png */,
				4E9D204B18A15B1C0019E86B /* BtnTwitter.png */,
				4E9D204C18A15B1C0019E86B /* OR.png */,
				4E9D204D18A15B1C0019E86B /* txt_OR_Join_Casual.png */,
				4E9D204518A158350019E86B /* Seperator.png */,
				4E9D204318A154020019E86B /* TextFieldsBG.png */,
				4E9D204718A159930019E86B /* Background.png */,
				4E9D205518A15DC90019E86B /* BtnSignUp.png */,
				4E9D205718A15E730019E86B /* Bg_mainScreen.png */,
				4E9D205918A15EE40019E86B /* BtnLogin.png */,
				4E9D205B18A15F7D0019E86B /* Logo.png */,
				4E9D205D18A15FEA0019E86B /* leaf.png */,
			);
			name = Images;
			path = Casual/Images;
			sourceTree = "<group>";
		};
		4E9D205F18A167350019E86B /* ProgressSpinner */ = {
			isa = PBXGroup;
			children = (
				4E9D206018A167350019E86B /* MBProgressHUD.h */,
				4E9D206118A167350019E86B /* MBProgressHUD.m */,
			);
			path = ProgressSpinner;
			sourceTree = "<group>";
		};
		4E9D206318A1678A0019E86B /* Categories */ = {
			isa = PBXGroup;
			children = (
				4E9D206418A1678A0019E86B /* StringCategories.h */,
				4E9D206518A1678A0019E86B /* StringCategories.m */,
				4E9D206618A1678A0019E86B /* UIImageCategories.h */,
				4E9D206718A1678A0019E86B /* UIImageCategories.m */,
				4E9D206818A1678A0019E86B /* UIViewControllerCategories.h */,
				4E9D206918A1678A0019E86B /* UIViewControllerCategories.m */,
			);
			path = Categories;
			sourceTree = "<group>";
		};
		4E9DBD3918A41B9B00CD1AD4 /* PostScreen */ = {
			isa = PBXGroup;
			children = (
				4E9DBD3A18A41B9B00CD1AD4 /* postTF_BG.png */,
				4EC1786D18A6AB0700B72C92 /* postTF_BG_right.png */,
			);
			path = PostScreen;
			sourceTree = "<group>";
		};
		4E9DBD3E18A41BBA00CD1AD4 /* ActivitiesScreen */ = {
			isa = PBXGroup;
			children = (
				09CACFD918A4A1C200B9A91D /* userPlaceHolder.jpg */,
				4E9DBD3F18A41BBA00CD1AD4 /* FB_TW_Bar.png */,
				4E9DBD4018A41BBA00CD1AD4 /* Status_CheckIn_BG.png */,
			);
			path = ActivitiesScreen;
			sourceTree = "<group>";
		};
		4E9FBA3B18A2B31100395558 /* HomeScreen */ = {
			isa = PBXGroup;
			children = (
				4E37B33C18A7D107005FF445 /* btnInfo_Sel.png */,
				4E37B33D18A7D107005FF445 /* btnInfo.png */,
				4E37B33818A7D0D4005FF445 /* btnInfo_Sel@2x.png */,
				4E37B33918A7D0D4005FF445 /* btnInfo@2x.png */,
				4E9D7C7718A62B080083147D /* BtnHome_Sel.png */,
				4E9D7C7818A62B080083147D /* BtnHome_Sel@2x.png */,
				4E9D7C7118A628740083147D /* BtnActivites_Sel.png */,
				4E9D7C7218A628740083147D /* BtnHistory_Sel.png */,
				4E9D7C7318A628740083147D /* BtnScan_Sel.png */,
				4E9D7C6418A626190083147D /* BtnActivites_Sel@2x.png */,
				4E9D7C6518A626190083147D /* BtnHistory_Sel@2x.png */,
				4E9D7C6618A626190083147D /* BtnScan_Sel@2x.png */,
				4E9DBD4318A41BCB00CD1AD4 /* backButton.png */,
				4E9DBD4418A41BCB00CD1AD4 /* SettingsBtn.png */,
				4E9DBD3C18A41BAD00CD1AD4 /* TopBar.png */,
				4E9FBA4E18A2BD0B00395558 /* CenterImage.png */,
				4E9FBA4F18A2BD0B00395558 /* TreeImage.png */,
				4E9FBA4C18A2B99700395558 /* TabBarBG@2x.png */,
				4E9FBA4618A2B8A200395558 /* BtnActivites@2x.png */,
				4E9FBA4718A2B8A200395558 /* BtnHistory@2x.png */,
				4E9FBA4818A2B8A200395558 /* BtnScan@2x.png */,
				4E9FBA4418A2B80400395558 /* BtnHome@2x.png */,
				4E9FBA3C18A2B31100395558 /* BtnActivites.png */,
				4E9FBA3D18A2B31100395558 /* BtnHistory.png */,
				4E9FBA3E18A2B31100395558 /* BtnHome.png */,
				4E9FBA3F18A2B31100395558 /* BtnScan.png */,
			);
			path = HomeScreen;
			sourceTree = "<group>";
		};
		4E9FBA6E18A2C70E00395558 /* Products */ = {
			isa = PBXGroup;
			children = (
				4E9FBA7818A2C71000395558 /* libZXingObjC-iOS.a */,
				4E9FBA7A18A2C71000395558 /* Unit Tests iOS.octest */,
				4E9FBA7C18A2C71000395558 /* ZXingObjCTests-iOS copy.octest */,
				4E9FBA7E18A2C71000395558 /* libZXingObjC-osx.a */,
				4E9FBA8018A2C71000395558 /* Unit Tests OS X.octest */,
				4E9FBA8218A2C71000395558 /* ZXingObjCTests-osx copy.octest */,
				4E9FBA8418A2C71000395558 /* ZXingObjC.framework */,
			);
			name = Products;
			sourceTree = "<group>";
		};
		4EC1785C18A6A82800B72C92 /* CustomCells */ = {
			isa = PBXGroup;
			children = (
				4EC1785D18A6A82800B72C92 /* HistoryViewCell.h */,
				4EC1785E18A6A82800B72C92 /* HistoryViewCell.m */,
				4EC1786718A6A89100B72C92 /* ActivityTableLeftCell.h */,
				4EC1786818A6A89100B72C92 /* ActivityTableLeftCell.m */,
				4EC1786A18A6A8CF00B72C92 /* ActivityTableRightCell.h */,
				4EC1786B18A6A8CF00B72C92 /* ActivityTableRightCell.m */,
			);
			name = CustomCells;
			path = Classes/CustomCells;
			sourceTree = "<group>";
		};
		4EC2B24A18A1439A0045291A = {
			isa = PBXGroup;
			children = (
				4EC2B25C18A1439A0045291A /* Casual */,
				4E9D204218A154020019E86B /* Images */,
				4EC2B29218A146B30045291A /* Libraries */,
				4EC2B27E18A1439A0045291A /* CasualTests */,
				4EC2B25518A1439A0045291A /* Frameworks */,
				4EC2B25418A1439A0045291A /* Products */,
			);
			sourceTree = "<group>";
		};
		4EC2B25418A1439A0045291A /* Products */ = {
			isa = PBXGroup;
			children = (
				4EC2B25318A1439A0045291A /* Casual.app */,
				4EC2B27718A1439A0045291A /* CasualTests.xctest */,
			);
			name = Products;
			sourceTree = "<group>";
		};
		4EC2B25518A1439A0045291A /* Frameworks */ = {
			isa = PBXGroup;
			children = (
				09148DED18A8B20F00338BD3 /* TestFlightSDK2.2.1 */,
				4E37B34B18A80FBE005FF445 /* libz.1.1.3.dylib */,
				4E9FBA6D18A2C70E00395558 /* ZXingObjC.xcodeproj */,
				4E9FBA9718A2CA4700395558 /* AudioToolbox.framework */,
				4E9FBA9518A2CA2D00395558 /* Security.framework */,
				4E9FBA9318A2CA2700395558 /* Accounts.framework */,
				4E9FBA9118A2CA1500395558 /* Social.framework */,
				4E9FBA8F18A2CA0000395558 /* QuartzCore.framework */,
				4E9FBA8D18A2C9F000395558 /* ImageIO.framework */,
				4E9FBA8B18A2C9E400395558 /* CoreVideo.framework */,
				4E9FBA8918A2C9D700395558 /* CoreMedia.framework */,
				4E9FBA8618A2C98300395558 /* AVFoundation.framework */,
				09FA89EB18A215FF00C05CAA /* FacebookSDK.framework */,
				09C932D518A1F59800BF2DD9 /* Twitter.framework */,
				4EC2B25618A1439A0045291A /* Foundation.framework */,
				4EC2B25818A1439A0045291A /* CoreGraphics.framework */,
				4EC2B25A18A1439A0045291A /* UIKit.framework */,
				4EC2B27818A1439A0045291A /* XCTest.framework */,
			);
			name = Frameworks;
			sourceTree = "<group>";
		};
		4EC2B25C18A1439A0045291A /* Casual */ = {
			isa = PBXGroup;
			children = (
				4E37B2FE18A76E98005FF445 /* Twitter */,
				4EC1785C18A6A82800B72C92 /* CustomCells */,
				4E952FE118A669D400075CCB /* DataSource */,
				4EC2B26518A1439A0045291A /* AppDelegate.h */,
				4EC2B26618A1439A0045291A /* AppDelegate.m */,
				4EC2B26818A1439A0045291A /* Main_iPhone.storyboard */,
				4EC2B26B18A1439A0045291A /* Main_iPad.storyboard */,
				4EC2B28E18A145510045291A /* SignUpViewController.h */,
				4EC2B28F18A145510045291A /* SignUpViewController.m */,
				09FA8A3718A23A2E00C05CAA /* LoginViewController.h */,
				09FA8A3818A23A2E00C05CAA /* LoginViewController.m */,
				4E9FBA3218A28B0C00395558 /* RootViewController.h */,
				4E9FBA3318A28B0C00395558 /* RootViewController.m */,
				4E9FBA3818A2AF2B00395558 /* HomeViewController.h */,
				4E9FBA3918A2AF2B00395558 /* HomeViewController.m */,
				4E9DBD2918A41B1B00CD1AD4 /* ScanViewController.h */,
				4E9DBD2A18A41B1B00CD1AD4 /* ScanViewController.m */,
				4E9DBD3318A41B2800CD1AD4 /* HistoryViewController.h */,
				4E9DBD3418A41B2800CD1AD4 /* HistoryViewController.m */,
				4E9DBD3618A41B3800CD1AD4 /* ActivitiesViewController.h */,
				4E9DBD3718A41B3800CD1AD4 /* ActivitiesViewController.m */,
				09CACFCC18A4A01800B9A91D /* PostViewController.h */,
				09CACFCD18A4A01800B9A91D /* PostViewController.m */,
				09CACFD618A4A02B00B9A91D /* CheckInViewController.h */,
				09CACFD718A4A02B00B9A91D /* CheckInViewController.m */,
				4E37B32218A7B984005FF445 /* SettingsViewController.h */,
				4E37B32318A7B984005FF445 /* SettingsViewController.m */,
				4E37B33518A7CCC6005FF445 /* InfoViewController.h */,
				4E37B33618A7CCC6005FF445 /* InfoViewController.m */,
				09148DF318A8DCA300338BD3 /* InfoSignUpViewController.h */,
				09148DF418A8DCA300338BD3 /* InfoSignUpViewController.m */,
				4EC2B29118A145B40045291A /* Constants.h */,
				4EC2B27118A1439A0045291A /* Images.xcassets */,
				4EC2B25D18A1439A0045291A /* Supporting Files */,
			);
			path = Casual;
			sourceTree = "<group>";
		};
		4EC2B25D18A1439A0045291A /* Supporting Files */ = {
			isa = PBXGroup;
			children = (
				4EC2B25E18A1439A0045291A /* Casual-Info.plist */,
				4EC2B25F18A1439A0045291A /* InfoPlist.strings */,
				4EC2B26218A1439A0045291A /* main.m */,
				4EC2B26418A1439A0045291A /* Casual-Prefix.pch */,
			);
			name = "Supporting Files";
			sourceTree = "<group>";
		};
		4EC2B27E18A1439A0045291A /* CasualTests */ = {
			isa = PBXGroup;
			children = (
				4EC2B28418A1439A0045291A /* CasualTests.m */,
				4EC2B27F18A1439A0045291A /* Supporting Files */,
			);
			path = CasualTests;
			sourceTree = "<group>";
		};
		4EC2B27F18A1439A0045291A /* Supporting Files */ = {
			isa = PBXGroup;
			children = (
				4EC2B28018A1439A0045291A /* CasualTests-Info.plist */,
				4EC2B28118A1439A0045291A /* InfoPlist.strings */,
			);
			name = "Supporting Files";
			sourceTree = "<group>";
		};
		4EC2B29218A146B30045291A /* Libraries */ = {
			isa = PBXGroup;
			children = (
				4E37B31B18A7B2FF005FF445 /* TimeAgo */,
				09CACFDB18A4B50200B9A91D /* AsyncImageView */,
				09FA89C618A2157C00C05CAA /* STTwitter */,
				4E9D206318A1678A0019E86B /* Categories */,
				4E9D205F18A167350019E86B /* ProgressSpinner */,
				4EC2B2CD18A147030045291A /* AFNetworking */,
			);
			name = Libraries;
			path = Casual/Libraries;
			sourceTree = "<group>";
		};
		4EC2B2CD18A147030045291A /* AFNetworking */ = {
			isa = PBXGroup;
			children = (
				4EC2B2CE18A147030045291A /* AFHTTPClient.h */,
				4EC2B2CF18A147030045291A /* AFHTTPClient.m */,
				4EC2B2D018A147030045291A /* AFHTTPRequestOperation.h */,
				4EC2B2D118A147030045291A /* AFHTTPRequestOperation.m */,
				4EC2B2D218A147030045291A /* AFImageRequestOperation.h */,
				4EC2B2D318A147030045291A /* AFImageRequestOperation.m */,
				4EC2B2D418A147030045291A /* AFJSONRequestOperation.h */,
				4EC2B2D518A147030045291A /* AFJSONRequestOperation.m */,
				4EC2B2D618A147030045291A /* AFNetworkActivityIndicatorManager.h */,
				4EC2B2D718A147030045291A /* AFNetworkActivityIndicatorManager.m */,
				4EC2B2D818A147030045291A /* AFNetworking.h */,
				4EC2B2D918A147030045291A /* AFPropertyListRequestOperation.h */,
				4EC2B2DA18A147030045291A /* AFPropertyListRequestOperation.m */,
				4EC2B2DB18A147030045291A /* AFURLConnectionOperation.h */,
				4EC2B2DC18A147030045291A /* AFURLConnectionOperation.m */,
				4EC2B2DD18A147030045291A /* AFXMLRequestOperation.h */,
				4EC2B2DE18A147030045291A /* AFXMLRequestOperation.m */,
				4EC2B2DF18A147030045291A /* UIImageView+AFNetworking.h */,
				4EC2B2E018A147030045291A /* UIImageView+AFNetworking.m */,
			);
			path = AFNetworking;
			sourceTree = "<group>";
		};
/* End PBXGroup section */

/* Begin PBXNativeTarget section */
		4EC2B25218A1439A0045291A /* Casual */ = {
			isa = PBXNativeTarget;
			buildConfigurationList = 4EC2B28818A1439A0045291A /* Build configuration list for PBXNativeTarget "Casual" */;
			buildPhases = (
				4EC2B24F18A1439A0045291A /* Sources */,
				4EC2B25018A1439A0045291A /* Frameworks */,
				4EC2B25118A1439A0045291A /* Resources */,
			);
			buildRules = (
			);
			dependencies = (
			);
			name = Casual;
			productName = Casual;
			productReference = 4EC2B25318A1439A0045291A /* Casual.app */;
			productType = "com.apple.product-type.application";
		};
		4EC2B27618A1439A0045291A /* CasualTests */ = {
			isa = PBXNativeTarget;
			buildConfigurationList = 4EC2B28B18A1439A0045291A /* Build configuration list for PBXNativeTarget "CasualTests" */;
			buildPhases = (
				4EC2B27318A1439A0045291A /* Sources */,
				4EC2B27418A1439A0045291A /* Frameworks */,
				4EC2B27518A1439A0045291A /* Resources */,
			);
			buildRules = (
			);
			dependencies = (
				4EC2B27D18A1439A0045291A /* PBXTargetDependency */,
			);
			name = CasualTests;
			productName = CasualTests;
			productReference = 4EC2B27718A1439A0045291A /* CasualTests.xctest */;
			productType = "com.apple.product-type.bundle.unit-test";
		};
/* End PBXNativeTarget section */

/* Begin PBXProject section */
		4EC2B24B18A1439A0045291A /* Project object */ = {
			isa = PBXProject;
			attributes = {
				LastUpgradeCheck = 0500;
				ORGANIZATIONNAME = "Vikas kumar";
				TargetAttributes = {
					4EC2B27618A1439A0045291A = {
						TestTargetID = 4EC2B25218A1439A0045291A;
					};
				};
			};
			buildConfigurationList = 4EC2B24E18A1439A0045291A /* Build configuration list for PBXProject "Casual" */;
			compatibilityVersion = "Xcode 3.2";
			developmentRegion = English;
			hasScannedForEncodings = 0;
			knownRegions = (
				en,
				Base,
			);
			mainGroup = 4EC2B24A18A1439A0045291A;
			productRefGroup = 4EC2B25418A1439A0045291A /* Products */;
			projectDirPath = "";
			projectReferences = (
				{
					ProductGroup = 4E9FBA6E18A2C70E00395558 /* Products */;
					ProjectRef = 4E9FBA6D18A2C70E00395558 /* ZXingObjC.xcodeproj */;
				},
			);
			projectRoot = "";
			targets = (
				4EC2B25218A1439A0045291A /* Casual */,
				4EC2B27618A1439A0045291A /* CasualTests */,
			);
		};
/* End PBXProject section */

/* Begin PBXReferenceProxy section */
		4E9FBA7818A2C71000395558 /* libZXingObjC-iOS.a */ = {
			isa = PBXReferenceProxy;
			fileType = archive.ar;
			path = "libZXingObjC-iOS.a";
			remoteRef = 4E9FBA7718A2C71000395558 /* PBXContainerItemProxy */;
			sourceTree = BUILT_PRODUCTS_DIR;
		};
		4E9FBA7A18A2C71000395558 /* Unit Tests iOS.octest */ = {
			isa = PBXReferenceProxy;
			fileType = wrapper.cfbundle;
			path = "Unit Tests iOS.octest";
			remoteRef = 4E9FBA7918A2C71000395558 /* PBXContainerItemProxy */;
			sourceTree = BUILT_PRODUCTS_DIR;
		};
		4E9FBA7C18A2C71000395558 /* ZXingObjCTests-iOS copy.octest */ = {
			isa = PBXReferenceProxy;
			fileType = wrapper.cfbundle;
			path = "ZXingObjCTests-iOS copy.octest";
			remoteRef = 4E9FBA7B18A2C71000395558 /* PBXContainerItemProxy */;
			sourceTree = BUILT_PRODUCTS_DIR;
		};
		4E9FBA7E18A2C71000395558 /* libZXingObjC-osx.a */ = {
			isa = PBXReferenceProxy;
			fileType = archive.ar;
			path = "libZXingObjC-osx.a";
			remoteRef = 4E9FBA7D18A2C71000395558 /* PBXContainerItemProxy */;
			sourceTree = BUILT_PRODUCTS_DIR;
		};
		4E9FBA8018A2C71000395558 /* Unit Tests OS X.octest */ = {
			isa = PBXReferenceProxy;
			fileType = wrapper.cfbundle;
			path = "Unit Tests OS X.octest";
			remoteRef = 4E9FBA7F18A2C71000395558 /* PBXContainerItemProxy */;
			sourceTree = BUILT_PRODUCTS_DIR;
		};
		4E9FBA8218A2C71000395558 /* ZXingObjCTests-osx copy.octest */ = {
			isa = PBXReferenceProxy;
			fileType = wrapper.cfbundle;
			path = "ZXingObjCTests-osx copy.octest";
			remoteRef = 4E9FBA8118A2C71000395558 /* PBXContainerItemProxy */;
			sourceTree = BUILT_PRODUCTS_DIR;
		};
		4E9FBA8418A2C71000395558 /* ZXingObjC.framework */ = {
			isa = PBXReferenceProxy;
			fileType = wrapper.framework;
			path = ZXingObjC.framework;
			remoteRef = 4E9FBA8318A2C71000395558 /* PBXContainerItemProxy */;
			sourceTree = BUILT_PRODUCTS_DIR;
		};
/* End PBXReferenceProxy section */

/* Begin PBXResourcesBuildPhase section */
		4EC2B25118A1439A0045291A /* Resources */ = {
			isa = PBXResourcesBuildPhase;
			buildActionMask = 2147483647;
			files = (
				4E9D205018A15B1C0019E86B /* BtnTwitter.png in Resources */,
				4E9D204E18A15B1C0019E86B /* BG_small.png in Resources */,
				4EC2B26D18A1439A0045291A /* Main_iPad.storyboard in Resources */,
				4E9D205118A15B1C0019E86B /* OR.png in Resources */,
				4EC2B27218A1439A0045291A /* Images.xcassets in Resources */,
				4E37B32918A7C071005FF445 /* btnON.png in Resources */,
				4E9FBA4318A2B31100395558 /* BtnScan.png in Resources */,
				4E9DBD4118A41BBA00CD1AD4 /* FB_TW_Bar.png in Resources */,
				4E9DBD4218A41BBA00CD1AD4 /* Status_CheckIn_BG.png in Resources */,
				09CACFDA18A4A1C200B9A91D /* userPlaceHolder.jpg in Resources */,
				4EC2B26A18A1439A0045291A /* Main_iPhone.storyboard in Resources */,
				4E9D204818A159930019E86B /* Background.png in Resources */,
				4E9DBD4618A41BCB00CD1AD4 /* SettingsBtn.png in Resources */,
				4E9D205618A15DC90019E86B /* BtnSignUp.png in Resources */,
				4E9FBA5118A2BD0B00395558 /* TreeImage.png in Resources */,
				4E37B32D18A7C3E4005FF445 /* tf_Body_BG.png in Resources */,
				4E37B33B18A7D0D4005FF445 /* btnInfo@2x.png in Resources */,
				4E9D7C7518A628740083147D /* BtnHistory_Sel.png in Resources */,
				4E9FBA4D18A2B99700395558 /* TabBarBG@2x.png in Resources */,
				4E37B33A18A7D0D4005FF445 /* btnInfo_Sel@2x.png in Resources */,
				4E9DBD4518A41BCB00CD1AD4 /* backButton.png in Resources */,
				4E9DBD4818A41BD500CD1AD4 /* btnLoginAll.png in Resources */,
				4E37B32818A7C071005FF445 /* btnOff.png in Resources */,
				4E9D204618A158350019E86B /* Seperator.png in Resources */,
				4E135A8C18A56137002DC459 /* treeLeftBranch.png in Resources */,
				4E9D7C6818A626190083147D /* BtnHistory_Sel@2x.png in Resources */,
				4E9FBA4018A2B31100395558 /* BtnActivites.png in Resources */,
				4E37B33F18A7D107005FF445 /* btnInfo.png in Resources */,
				4E135A8918A55BEF002DC459 /* treeBranch1.png in Resources */,
				4E9FBA4518A2B80400395558 /* BtnHome@2x.png in Resources */,
				4E9D205C18A15F7D0019E86B /* Logo.png in Resources */,
				4E9D7C7918A62B080083147D /* BtnHome_Sel.png in Resources */,
				4E9DBD3B18A41B9B00CD1AD4 /* postTF_BG.png in Resources */,
				4E9D7C7618A628740083147D /* BtnScan_Sel.png in Resources */,
				4E135A8618A54744002DC459 /* sampleQRCode.png in Resources */,
				4E9D205E18A15FEA0019E86B /* leaf.png in Resources */,
				4E9D205818A15E730019E86B /* Bg_mainScreen.png in Resources */,
				4E9FBA4918A2B8A200395558 /* BtnActivites@2x.png in Resources */,
				4E37B33E18A7D107005FF445 /* btnInfo_Sel.png in Resources */,
				4E9D205218A15B1C0019E86B /* txt_OR_Join_Casual.png in Resources */,
				4E9D7C7418A628740083147D /* BtnActivites_Sel.png in Resources */,
				4E37B32B18A7C39A005FF445 /* tf_Top_BG.png in Resources */,
				4EC1786E18A6AB0700B72C92 /* postTF_BG_right.png in Resources */,
				4E9D205A18A15EE40019E86B /* BtnLogin.png in Resources */,
				4E9FBA4A18A2B8A200395558 /* BtnHistory@2x.png in Resources */,
				4EC2B26118A1439A0045291A /* InfoPlist.strings in Resources */,
				4E9D204F18A15B1C0019E86B /* BtnFacebook.png in Resources */,
				4E9D204418A154020019E86B /* TextFieldsBG.png in Resources */,
				4E9D7C6918A626190083147D /* BtnScan_Sel@2x.png in Resources */,
				4E135A8D18A56137002DC459 /* treeRightBranch.png in Resources */,
				4E9FBA4118A2B31100395558 /* BtnHistory.png in Resources */,
				4E9DBD3D18A41BAD00CD1AD4 /* TopBar.png in Resources */,
				4E9FBA4B18A2B8A200395558 /* BtnScan@2x.png in Resources */,
				4E9FBA5018A2BD0B00395558 /* CenterImage.png in Resources */,
				4E9FBA4218A2B31100395558 /* BtnHome.png in Resources */,
				4E9D7C6718A626190083147D /* BtnActivites_Sel@2x.png in Resources */,
				4E9D7C7A18A62B080083147D /* BtnHome_Sel@2x.png in Resources */,
			);
			runOnlyForDeploymentPostprocessing = 0;
		};
		4EC2B27518A1439A0045291A /* Resources */ = {
			isa = PBXResourcesBuildPhase;
			buildActionMask = 2147483647;
			files = (
				4EC2B28318A1439A0045291A /* InfoPlist.strings in Resources */,
			);
			runOnlyForDeploymentPostprocessing = 0;
		};
/* End PBXResourcesBuildPhase section */

/* Begin PBXSourcesBuildPhase section */
		4EC2B24F18A1439A0045291A /* Sources */ = {
			isa = PBXSourcesBuildPhase;
			buildActionMask = 2147483647;
			files = (
				09FA89E118A2157C00C05CAA /* NSString+STTwitter.m in Sources */,
				09FA89E818A2157C00C05CAA /* BAVPlistNode.m in Sources */,
				4E37B33718A7CCC6005FF445 /* InfoViewController.m in Sources */,
				4EC2B2E318A147030045291A /* AFImageRequestOperation.m in Sources */,
				4E9DBD3518A41B2800CD1AD4 /* HistoryViewController.m in Sources */,
				4EC2B26718A1439A0045291A /* AppDelegate.m in Sources */,
				09FA8A3918A23A2E00C05CAA /* LoginViewController.m in Sources */,
				4EC2B2E618A147030045291A /* AFPropertyListRequestOperation.m in Sources */,
				09FA89E418A2157C00C05CAA /* STTwitterAppOnly.m in Sources */,
				4E9DBD3818A41B3800CD1AD4 /* ActivitiesViewController.m in Sources */,
				4EC2B29018A145510045291A /* SignUpViewController.m in Sources */,
				4EC2B2E718A147030045291A /* AFURLConnectionOperation.m in Sources */,
				4E9D206B18A1678A0019E86B /* UIImageCategories.m in Sources */,
				4EC2B2E818A147030045291A /* AFXMLRequestOperation.m in Sources */,
				4E9D206A18A1678A0019E86B /* StringCategories.m in Sources */,
				4EC1786C18A6A8CF00B72C92 /* ActivityTableRightCell.m in Sources */,
				4EC2B2E418A147030045291A /* AFJSONRequestOperation.m in Sources */,
				4E37B30818A76EBC005FF445 /* TwitterServices.m in Sources */,
				4E952FE418A669D400075CCB /* ActivityTableDatasource.m in Sources */,
				09FA89EA18A2157C00C05CAA /* STHTTPRequest.m in Sources */,
				09CACFD818A4A02B00B9A91D /* CheckInViewController.m in Sources */,
				4EC1786918A6A89100B72C92 /* ActivityTableLeftCell.m in Sources */,
				09CACFCE18A4A01800B9A91D /* PostViewController.m in Sources */,
				4EC2B2E918A147030045291A /* UIImageView+AFNetworking.m in Sources */,
				09CACFDE18A4B50200B9A91D /* AsyncImageView.m in Sources */,
				09FA89E718A2157C00C05CAA /* STTwitterOS.m in Sources */,
				09FA89E218A2157C00C05CAA /* STHTTPRequest+STTwitter.m in Sources */,
				4E9D206C18A1678A0019E86B /* UIViewControllerCategories.m in Sources */,
				09FA89E318A2157C00C05CAA /* STTwitterAPI.m in Sources */,
				09148DF518A8DCA300338BD3 /* InfoSignUpViewController.m in Sources */,
				4E9DBD2B18A41B1B00CD1AD4 /* ScanViewController.m in Sources */,
				4EC2B2E518A147030045291A /* AFNetworkActivityIndicatorManager.m in Sources */,
				4E9D206218A167350019E86B /* MBProgressHUD.m in Sources */,
				4E37B32118A7B40F005FF445 /* NSDate+NVTimeAgo.m in Sources */,
				4E9FBA3418A28B0C00395558 /* RootViewController.m in Sources */,
				09FA89E518A2157C00C05CAA /* STTwitterHTML.m in Sources */,
				4EC1785F18A6A82800B72C92 /* HistoryViewCell.m in Sources */,
				4E9FBA3A18A2AF2B00395558 /* HomeViewController.m in Sources */,
				4E37B32418A7B984005FF445 /* SettingsViewController.m in Sources */,
				4EC2B2E218A147030045291A /* AFHTTPRequestOperation.m in Sources */,
				09FA89E618A2157C00C05CAA /* STTwitterOAuth.m in Sources */,
				4EC2B26318A1439A0045291A /* main.m in Sources */,
				4EC2B2E118A147030045291A /* AFHTTPClient.m in Sources */,
				09FA89E018A2157C00C05CAA /* NSDateFormatter+STTwitter.m in Sources */,
				09FA89E918A2157C00C05CAA /* JSONSyntaxHighlight.m in Sources */,
			);
			runOnlyForDeploymentPostprocessing = 0;
		};
		4EC2B27318A1439A0045291A /* Sources */ = {
			isa = PBXSourcesBuildPhase;
			buildActionMask = 2147483647;
			files = (
				4EC2B28518A1439A0045291A /* CasualTests.m in Sources */,
			);
			runOnlyForDeploymentPostprocessing = 0;
		};
/* End PBXSourcesBuildPhase section */

/* Begin PBXTargetDependency section */
		4EC2B27D18A1439A0045291A /* PBXTargetDependency */ = {
			isa = PBXTargetDependency;
			target = 4EC2B25218A1439A0045291A /* Casual */;
			targetProxy = 4EC2B27C18A1439A0045291A /* PBXContainerItemProxy */;
		};
/* End PBXTargetDependency section */

/* Begin PBXVariantGroup section */
		4EC2B25F18A1439A0045291A /* InfoPlist.strings */ = {
			isa = PBXVariantGroup;
			children = (
				4EC2B26018A1439A0045291A /* en */,
			);
			name = InfoPlist.strings;
			sourceTree = "<group>";
		};
		4EC2B26818A1439A0045291A /* Main_iPhone.storyboard */ = {
			isa = PBXVariantGroup;
			children = (
				4EC2B26918A1439A0045291A /* Base */,
			);
			name = Main_iPhone.storyboard;
			sourceTree = "<group>";
		};
		4EC2B26B18A1439A0045291A /* Main_iPad.storyboard */ = {
			isa = PBXVariantGroup;
			children = (
				4EC2B26C18A1439A0045291A /* Base */,
			);
			name = Main_iPad.storyboard;
			sourceTree = "<group>";
		};
		4EC2B28118A1439A0045291A /* InfoPlist.strings */ = {
			isa = PBXVariantGroup;
			children = (
				4EC2B28218A1439A0045291A /* en */,
			);
			name = InfoPlist.strings;
			sourceTree = "<group>";
		};
/* End PBXVariantGroup section */

/* Begin XCBuildConfiguration section */
		4EC2B28618A1439A0045291A /* Debug */ = {
			isa = XCBuildConfiguration;
			buildSettings = {
				ALWAYS_SEARCH_USER_PATHS = NO;
				ARCHS = "$(ARCHS_STANDARD_INCLUDING_64_BIT)";
				CLANG_CXX_LANGUAGE_STANDARD = "gnu++0x";
				CLANG_CXX_LIBRARY = "libc++";
				CLANG_ENABLE_MODULES = YES;
				CLANG_ENABLE_OBJC_ARC = YES;
				CLANG_WARN_BOOL_CONVERSION = YES;
				CLANG_WARN_CONSTANT_CONVERSION = YES;
				CLANG_WARN_DIRECT_OBJC_ISA_USAGE = YES_ERROR;
				CLANG_WARN_EMPTY_BODY = YES;
				CLANG_WARN_ENUM_CONVERSION = YES;
				CLANG_WARN_INT_CONVERSION = YES;
				CLANG_WARN_OBJC_ROOT_CLASS = YES_ERROR;
				CLANG_WARN__DUPLICATE_METHOD_MATCH = YES;
				"CODE_SIGN_IDENTITY[sdk=iphoneos*]" = "iPhone Developer";
				COPY_PHASE_STRIP = NO;
				GCC_C_LANGUAGE_STANDARD = gnu99;
				GCC_DYNAMIC_NO_PIC = NO;
				GCC_OPTIMIZATION_LEVEL = 0;
				GCC_PREPROCESSOR_DEFINITIONS = (
					"DEBUG=1",
					"$(inherited)",
				);
				GCC_SYMBOLS_PRIVATE_EXTERN = NO;
				GCC_WARN_64_TO_32_BIT_CONVERSION = YES;
				GCC_WARN_ABOUT_RETURN_TYPE = YES_ERROR;
				GCC_WARN_UNDECLARED_SELECTOR = YES;
				GCC_WARN_UNINITIALIZED_AUTOS = YES;
				GCC_WARN_UNUSED_FUNCTION = YES;
				GCC_WARN_UNUSED_VARIABLE = YES;
				IPHONEOS_DEPLOYMENT_TARGET = 7.0;
				ONLY_ACTIVE_ARCH = YES;
				SDKROOT = iphoneos;
				TARGETED_DEVICE_FAMILY = "1,2";
			};
			name = Debug;
		};
		4EC2B28718A1439A0045291A /* Release */ = {
			isa = XCBuildConfiguration;
			buildSettings = {
				ALWAYS_SEARCH_USER_PATHS = NO;
				ARCHS = "$(ARCHS_STANDARD_INCLUDING_64_BIT)";
				CLANG_CXX_LANGUAGE_STANDARD = "gnu++0x";
				CLANG_CXX_LIBRARY = "libc++";
				CLANG_ENABLE_MODULES = YES;
				CLANG_ENABLE_OBJC_ARC = YES;
				CLANG_WARN_BOOL_CONVERSION = YES;
				CLANG_WARN_CONSTANT_CONVERSION = YES;
				CLANG_WARN_DIRECT_OBJC_ISA_USAGE = YES_ERROR;
				CLANG_WARN_EMPTY_BODY = YES;
				CLANG_WARN_ENUM_CONVERSION = YES;
				CLANG_WARN_INT_CONVERSION = YES;
				CLANG_WARN_OBJC_ROOT_CLASS = YES_ERROR;
				CLANG_WARN__DUPLICATE_METHOD_MATCH = YES;
				"CODE_SIGN_IDENTITY[sdk=iphoneos*]" = "iPhone Developer";
				COPY_PHASE_STRIP = YES;
				ENABLE_NS_ASSERTIONS = NO;
				GCC_C_LANGUAGE_STANDARD = gnu99;
				GCC_WARN_64_TO_32_BIT_CONVERSION = YES;
				GCC_WARN_ABOUT_RETURN_TYPE = YES_ERROR;
				GCC_WARN_UNDECLARED_SELECTOR = YES;
				GCC_WARN_UNINITIALIZED_AUTOS = YES;
				GCC_WARN_UNUSED_FUNCTION = YES;
				GCC_WARN_UNUSED_VARIABLE = YES;
				IPHONEOS_DEPLOYMENT_TARGET = 7.0;
				SDKROOT = iphoneos;
				TARGETED_DEVICE_FAMILY = "1,2";
				VALIDATE_PRODUCT = YES;
			};
			name = Release;
		};
		4EC2B28918A1439A0045291A /* Debug */ = {
			isa = XCBuildConfiguration;
			buildSettings = {
				ARCHS = "$(ARCHS_STANDARD)";
				ASSETCATALOG_COMPILER_APPICON_NAME = AppIcon;
				ASSETCATALOG_COMPILER_LAUNCHIMAGE_NAME = LaunchImage;
				CODE_SIGN_IDENTITY = "iPhone Developer: Alex Ham (Y83239S4MU)";
				FRAMEWORK_SEARCH_PATHS = (
					"$(inherited)",
					/Volumes/Development/Development/FreelancerDropBox/Harshad/Github/Casual/Casual/Casual/FrameWorks,
					/Volumes/Development/Samples/Casual/Casual/Casual/Casual/FrameWorks,
				);
				GCC_PRECOMPILE_PREFIX_HEADER = YES;
				GCC_PREFIX_HEADER = "Casual/Casual-Prefix.pch";
				HEADER_SEARCH_PATHS = (
					"$(inherited)/**",
					"/Volumes/Vikas\\ 2/Softwares/Apps1/Xcode.app/Contents/Developer/Toolchains/XcodeDefault.xctoolchain/usr/include/**",
					"$(SRCROOT)/../../**",
				);
				INFOPLIST_FILE = "Casual/Casual-Info.plist";
				IPHONEOS_DEPLOYMENT_TARGET = 6.0;
				LIBRARY_SEARCH_PATHS = (
					"$(inherited)",
					/Volumes/Development/Development/FreelancerDropBox/Harshad/Casual/Casual/Libraries/TestFlightSDK2,
					/Volumes/Development/Development/FreelancerDropBox/Harshad/Github/Casual/Casual/TestFlightSDK2.2.1,
					/Volumes/Development/Samples/Casual/Casual/Casual/TestFlightSDK2.2.1,
				);
				PRODUCT_NAME = "$(TARGET_NAME)";
				PROVISIONING_PROFILE = "113DA635-938D-4DAA-8365-4F31596B3A47";
				SDKROOT = iphoneos7.0;
				WRAPPER_EXTENSION = app;
			};
			name = Debug;
		};
		4EC2B28A18A1439A0045291A /* Release */ = {
			isa = XCBuildConfiguration;
			buildSettings = {
				ARCHS = "$(ARCHS_STANDARD)";
				ASSETCATALOG_COMPILER_APPICON_NAME = AppIcon;
				ASSETCATALOG_COMPILER_LAUNCHIMAGE_NAME = LaunchImage;
				CODE_SIGN_IDENTITY = "iPhone Developer: Alex Ham (Y83239S4MU)";
				FRAMEWORK_SEARCH_PATHS = (
					"$(inherited)",
					/Volumes/Development/Development/FreelancerDropBox/Harshad/Github/Casual/Casual/Casual/FrameWorks,
					/Volumes/Development/Samples/Casual/Casual/Casual/Casual/FrameWorks,
				);
				GCC_PRECOMPILE_PREFIX_HEADER = YES;
				GCC_PREFIX_HEADER = "Casual/Casual-Prefix.pch";
				HEADER_SEARCH_PATHS = (
					"$(inherited)/**",
					"/Volumes/Vikas\\ 2/Softwares/Apps1/Xcode.app/Contents/Developer/Toolchains/XcodeDefault.xctoolchain/usr/include/**",
					"$(SRCROOT)/../../**",
				);
				INFOPLIST_FILE = "Casual/Casual-Info.plist";
				IPHONEOS_DEPLOYMENT_TARGET = 6.0;
				LIBRARY_SEARCH_PATHS = (
					"$(inherited)",
					/Volumes/Development/Development/FreelancerDropBox/Harshad/Casual/Casual/Libraries/TestFlightSDK2,
					/Volumes/Development/Development/FreelancerDropBox/Harshad/Github/Casual/Casual/TestFlightSDK2.2.1,
					/Volumes/Development/Samples/Casual/Casual/Casual/TestFlightSDK2.2.1,
				);
				PRODUCT_NAME = "$(TARGET_NAME)";
				PROVISIONING_PROFILE = "113DA635-938D-4DAA-8365-4F31596B3A47";
				SDKROOT = iphoneos7.0;
				WRAPPER_EXTENSION = app;
			};
			name = Release;
		};
		4EC2B28C18A1439A0045291A /* Debug */ = {
			isa = XCBuildConfiguration;
			buildSettings = {
				ARCHS = "$(ARCHS_STANDARD_INCLUDING_64_BIT)";
				BUNDLE_LOADER = "$(BUILT_PRODUCTS_DIR)/Casual.app/Casual";
				FRAMEWORK_SEARCH_PATHS = (
					"$(SDKROOT)/Developer/Library/Frameworks",
					"$(inherited)",
					"$(DEVELOPER_FRAMEWORKS_DIR)",
				);
				GCC_PRECOMPILE_PREFIX_HEADER = YES;
				GCC_PREFIX_HEADER = "Casual/Casual-Prefix.pch";
				GCC_PREPROCESSOR_DEFINITIONS = (
					"DEBUG=1",
					"$(inherited)",
				);
				INFOPLIST_FILE = "CasualTests/CasualTests-Info.plist";
				PRODUCT_NAME = "$(TARGET_NAME)";
				TEST_HOST = "$(BUNDLE_LOADER)";
				WRAPPER_EXTENSION = xctest;
			};
			name = Debug;
		};
		4EC2B28D18A1439A0045291A /* Release */ = {
			isa = XCBuildConfiguration;
			buildSettings = {
				ARCHS = "$(ARCHS_STANDARD_INCLUDING_64_BIT)";
				BUNDLE_LOADER = "$(BUILT_PRODUCTS_DIR)/Casual.app/Casual";
				FRAMEWORK_SEARCH_PATHS = (
					"$(SDKROOT)/Developer/Library/Frameworks",
					"$(inherited)",
					"$(DEVELOPER_FRAMEWORKS_DIR)",
				);
				GCC_PRECOMPILE_PREFIX_HEADER = YES;
				GCC_PREFIX_HEADER = "Casual/Casual-Prefix.pch";
				INFOPLIST_FILE = "CasualTests/CasualTests-Info.plist";
				PRODUCT_NAME = "$(TARGET_NAME)";
				TEST_HOST = "$(BUNDLE_LOADER)";
				WRAPPER_EXTENSION = xctest;
			};
			name = Release;
		};
/* End XCBuildConfiguration section */

/* Begin XCConfigurationList section */
		4EC2B24E18A1439A0045291A /* Build configuration list for PBXProject "Casual" */ = {
			isa = XCConfigurationList;
			buildConfigurations = (
				4EC2B28618A1439A0045291A /* Debug */,
				4EC2B28718A1439A0045291A /* Release */,
			);
			defaultConfigurationIsVisible = 0;
			defaultConfigurationName = Release;
		};
		4EC2B28818A1439A0045291A /* Build configuration list for PBXNativeTarget "Casual" */ = {
			isa = XCConfigurationList;
			buildConfigurations = (
				4EC2B28918A1439A0045291A /* Debug */,
				4EC2B28A18A1439A0045291A /* Release */,
			);
			defaultConfigurationIsVisible = 0;
			defaultConfigurationName = Release;
		};
		4EC2B28B18A1439A0045291A /* Build configuration list for PBXNativeTarget "CasualTests" */ = {
			isa = XCConfigurationList;
			buildConfigurations = (
				4EC2B28C18A1439A0045291A /* Debug */,
				4EC2B28D18A1439A0045291A /* Release */,
			);
			defaultConfigurationIsVisible = 0;
			defaultConfigurationName = Release;
		};
/* End XCConfigurationList section */
	};
	rootObject = 4EC2B24B18A1439A0045291A /* Project object */;
}
